// !$*UTF8*$!
{
	archiveVersion = 1;
	classes = {
	};
	objectVersion = 46;
	objects = {

/* Begin PBXBuildFile section */
		171C257D1E413A6C00DED91F /* Cache.swift in Sources */ = {isa = PBXBuildFile; fileRef = 171C257C1E413A6C00DED91F /* Cache.swift */; };
		172F513E1E01CFD60048E8E3 /* HelperMethods.swift in Sources */ = {isa = PBXBuildFile; fileRef = 172F513D1E01CFD60048E8E3 /* HelperMethods.swift */; };
		173D112E1E3928AD00706B80 /* ServiceLayer.swift in Sources */ = {isa = PBXBuildFile; fileRef = 173D112D1E3928AD00706B80 /* ServiceLayer.swift */; };
		1766336C1E0DD6BD00E2A05E /* TutorialModel.swift in Sources */ = {isa = PBXBuildFile; fileRef = 1766336B1E0DD6BD00E2A05E /* TutorialModel.swift */; };
		176958C41DF47FE50060941A /* TutorialView.swift in Sources */ = {isa = PBXBuildFile; fileRef = 176958C31DF47FE50060941A /* TutorialView.swift */; };
		176958C81DF48A760060941A /* TutorialViewController.swift in Sources */ = {isa = PBXBuildFile; fileRef = 176958C71DF48A760060941A /* TutorialViewController.swift */; };
		177DD3401E060BC800605146 /* DemoView.swift in Sources */ = {isa = PBXBuildFile; fileRef = 177DD33F1E060BC800605146 /* DemoView.swift */; };
		177DD3521E09C02000605146 /* Colors.swift in Sources */ = {isa = PBXBuildFile; fileRef = 177DD3511E09C02000605146 /* Colors.swift */; };
		177DD3561E0ADA2D00605146 /* DemoModel.swift in Sources */ = {isa = PBXBuildFile; fileRef = 177DD3551E0ADA2D00605146 /* DemoModel.swift */; };
		17C283541DF066F400E7BC29 /* AppDelegate.swift in Sources */ = {isa = PBXBuildFile; fileRef = 17C283531DF066F400E7BC29 /* AppDelegate.swift */; };
		17C283561DF066F400E7BC29 /* HomeViewController.swift in Sources */ = {isa = PBXBuildFile; fileRef = 17C283551DF066F400E7BC29 /* HomeViewController.swift */; };
		17C2835B1DF066F400E7BC29 /* Assets.xcassets in Resources */ = {isa = PBXBuildFile; fileRef = 17C2835A1DF066F400E7BC29 /* Assets.xcassets */; };
		17C2835E1DF066F400E7BC29 /* LaunchScreen.storyboard in Resources */ = {isa = PBXBuildFile; fileRef = 17C2835C1DF066F400E7BC29 /* LaunchScreen.storyboard */; };
		17C283661DF0788600E7BC29 /* HomeView.swift in Sources */ = {isa = PBXBuildFile; fileRef = 17C283651DF0788600E7BC29 /* HomeView.swift */; };
		17C283681DF07CA400E7BC29 /* PhotographyModel.swift in Sources */ = {isa = PBXBuildFile; fileRef = 17C283671DF07CA400E7BC29 /* PhotographyModel.swift */; };
		17C2836A1DF07F2000E7BC29 /* HomeCell.swift in Sources */ = {isa = PBXBuildFile; fileRef = 17C283691DF07F2000E7BC29 /* HomeCell.swift */; };
		AFA17C86AD1B331060216B61 /* Pods_Lambent.framework in Frameworks */ = {isa = PBXBuildFile; fileRef = 65B495D5F1189E61A417A526 /* Pods_Lambent.framework */; };
		BD0DCAC31F74600400631C69 /* CameraHandler.swift in Sources */ = {isa = PBXBuildFile; fileRef = BD0DCAC21F74600400631C69 /* CameraHandler.swift */; };
		BD3771621F5F4545004E8D28 /* LambentUITests.swift in Sources */ = {isa = PBXBuildFile; fileRef = BD3771611F5F4545004E8D28 /* LambentUITests.swift */; };
		BD8474D21F799D8C00DF5CD2 /* PracticeView.swift in Sources */ = {isa = PBXBuildFile; fileRef = BD8474D11F799D8C00DF5CD2 /* PracticeView.swift */; };
		BDA428DF1F5F3EFC003CE8CA /* GoogleService-Info.plist in Resources */ = {isa = PBXBuildFile; fileRef = BDA428DE1F5F3EFC003CE8CA /* GoogleService-Info.plist */; };
		BDA4290B1F5F4009003CE8CA /* DemoTests.swift in Sources */ = {isa = PBXBuildFile; fileRef = 177DD3491E07761E00605146 /* DemoTests.swift */; };
		BDA4290C1F5F4015003CE8CA /* TutorialTests.swift in Sources */ = {isa = PBXBuildFile; fileRef = 1766336D1E1B3B9800E2A05E /* TutorialTests.swift */; };
		BDA4290D1F5F4019003CE8CA /* HomeTests.swift in Sources */ = {isa = PBXBuildFile; fileRef = 17CF63BE1E253AA800D987A7 /* HomeTests.swift */; };
/* End PBXBuildFile section */

/* Begin PBXContainerItemProxy section */
		BD3771641F5F4545004E8D28 /* PBXContainerItemProxy */ = {
			isa = PBXContainerItemProxy;
			containerPortal = 17C283481DF066F300E7BC29 /* Project object */;
			proxyType = 1;
			remoteGlobalIDString = 17C2834F1DF066F400E7BC29;
			remoteInfo = Lambent;
		};
		BDA429061F5F3FFD003CE8CA /* PBXContainerItemProxy */ = {
			isa = PBXContainerItemProxy;
			containerPortal = 17C283481DF066F300E7BC29 /* Project object */;
			proxyType = 1;
			remoteGlobalIDString = 17C2834F1DF066F400E7BC29;
			remoteInfo = Lambent;
		};
/* End PBXContainerItemProxy section */

/* Begin PBXFileReference section */
		171C257C1E413A6C00DED91F /* Cache.swift */ = {isa = PBXFileReference; fileEncoding = 4; lastKnownFileType = sourcecode.swift; path = Cache.swift; sourceTree = "<group>"; };
		172F513D1E01CFD60048E8E3 /* HelperMethods.swift */ = {isa = PBXFileReference; fileEncoding = 4; lastKnownFileType = sourcecode.swift; path = HelperMethods.swift; sourceTree = "<group>"; };
		173D112D1E3928AD00706B80 /* ServiceLayer.swift */ = {isa = PBXFileReference; fileEncoding = 4; lastKnownFileType = sourcecode.swift; path = ServiceLayer.swift; sourceTree = "<group>"; };
		1766336B1E0DD6BD00E2A05E /* TutorialModel.swift */ = {isa = PBXFileReference; fileEncoding = 4; lastKnownFileType = sourcecode.swift; path = TutorialModel.swift; sourceTree = "<group>"; };
		1766336D1E1B3B9800E2A05E /* TutorialTests.swift */ = {isa = PBXFileReference; fileEncoding = 4; lastKnownFileType = sourcecode.swift; name = TutorialTests.swift; path = PhotographyTests/TutorialTests.swift; sourceTree = SOURCE_ROOT; };
		176958C31DF47FE50060941A /* TutorialView.swift */ = {isa = PBXFileReference; fileEncoding = 4; lastKnownFileType = sourcecode.swift; name = TutorialView.swift; path = ../TutorialView.swift; sourceTree = "<group>"; };
		176958C71DF48A760060941A /* TutorialViewController.swift */ = {isa = PBXFileReference; fileEncoding = 4; lastKnownFileType = sourcecode.swift; name = TutorialViewController.swift; path = ../TutorialViewController.swift; sourceTree = "<group>"; };
		177DD33F1E060BC800605146 /* DemoView.swift */ = {isa = PBXFileReference; fileEncoding = 4; lastKnownFileType = sourcecode.swift; path = DemoView.swift; sourceTree = "<group>"; };
		177DD3491E07761E00605146 /* DemoTests.swift */ = {isa = PBXFileReference; lastKnownFileType = sourcecode.swift; name = DemoTests.swift; path = PhotographyTests/DemoTests.swift; sourceTree = SOURCE_ROOT; };
		177DD3511E09C02000605146 /* Colors.swift */ = {isa = PBXFileReference; fileEncoding = 4; lastKnownFileType = sourcecode.swift; path = Colors.swift; sourceTree = "<group>"; };
		177DD3551E0ADA2D00605146 /* DemoModel.swift */ = {isa = PBXFileReference; fileEncoding = 4; lastKnownFileType = sourcecode.swift; path = DemoModel.swift; sourceTree = "<group>"; };
		17C283501DF066F400E7BC29 /* Lambent.app */ = {isa = PBXFileReference; explicitFileType = wrapper.application; includeInIndex = 0; path = Lambent.app; sourceTree = BUILT_PRODUCTS_DIR; };
		17C283531DF066F400E7BC29 /* AppDelegate.swift */ = {isa = PBXFileReference; lastKnownFileType = sourcecode.swift; path = AppDelegate.swift; sourceTree = "<group>"; };
		17C283551DF066F400E7BC29 /* HomeViewController.swift */ = {isa = PBXFileReference; lastKnownFileType = sourcecode.swift; path = HomeViewController.swift; sourceTree = "<group>"; };
		17C2835A1DF066F400E7BC29 /* Assets.xcassets */ = {isa = PBXFileReference; lastKnownFileType = folder.assetcatalog; path = Assets.xcassets; sourceTree = "<group>"; };
		17C2835D1DF066F400E7BC29 /* Base */ = {isa = PBXFileReference; lastKnownFileType = file.storyboard; name = Base; path = Base.lproj/LaunchScreen.storyboard; sourceTree = "<group>"; };
		17C2835F1DF066F400E7BC29 /* Info.plist */ = {isa = PBXFileReference; lastKnownFileType = text.plist.xml; path = Info.plist; sourceTree = "<group>"; };
		17C283651DF0788600E7BC29 /* HomeView.swift */ = {isa = PBXFileReference; fileEncoding = 4; lastKnownFileType = sourcecode.swift; path = HomeView.swift; sourceTree = "<group>"; };
		17C283671DF07CA400E7BC29 /* PhotographyModel.swift */ = {isa = PBXFileReference; fileEncoding = 4; lastKnownFileType = sourcecode.swift; path = PhotographyModel.swift; sourceTree = "<group>"; };
		17C283691DF07F2000E7BC29 /* HomeCell.swift */ = {isa = PBXFileReference; fileEncoding = 4; lastKnownFileType = sourcecode.swift; path = HomeCell.swift; sourceTree = "<group>"; };
		17CF63BE1E253AA800D987A7 /* HomeTests.swift */ = {isa = PBXFileReference; fileEncoding = 4; lastKnownFileType = sourcecode.swift; name = HomeTests.swift; path = PhotographyTests/HomeTests.swift; sourceTree = SOURCE_ROOT; };
		17F6DAD91E399A3700DDD5D2 /* Photography.entitlements */ = {isa = PBXFileReference; lastKnownFileType = text.plist.entitlements; path = Photography.entitlements; sourceTree = "<group>"; };
		5BA1DF4361318A62FDEDDD3A /* Pods-Lambent.release.xcconfig */ = {isa = PBXFileReference; includeInIndex = 1; lastKnownFileType = text.xcconfig; name = "Pods-Lambent.release.xcconfig"; path = "Pods/Target Support Files/Pods-Lambent/Pods-Lambent.release.xcconfig"; sourceTree = "<group>"; };
		65B495D5F1189E61A417A526 /* Pods_Lambent.framework */ = {isa = PBXFileReference; explicitFileType = wrapper.framework; includeInIndex = 0; path = Pods_Lambent.framework; sourceTree = BUILT_PRODUCTS_DIR; };
		BD0DCAC21F74600400631C69 /* CameraHandler.swift */ = {isa = PBXFileReference; lastKnownFileType = sourcecode.swift; path = CameraHandler.swift; sourceTree = "<group>"; };
		BD3771611F5F4545004E8D28 /* LambentUITests.swift */ = {isa = PBXFileReference; lastKnownFileType = sourcecode.swift; path = LambentUITests.swift; sourceTree = "<group>"; };
		BD3771631F5F4545004E8D28 /* Info.plist */ = {isa = PBXFileReference; lastKnownFileType = text.plist.xml; path = Info.plist; sourceTree = "<group>"; };
		BD4E73B61F754952002DA5EE /* Lambent-Bridging-Header.h */ = {isa = PBXFileReference; lastKnownFileType = sourcecode.c.h; path = "Lambent-Bridging-Header.h"; sourceTree = "<group>"; };
		BD812E83F0E8C4FFF14574BC /* Pods-Lambent.debug.xcconfig */ = {isa = PBXFileReference; includeInIndex = 1; lastKnownFileType = text.xcconfig; name = "Pods-Lambent.debug.xcconfig"; path = "Pods/Target Support Files/Pods-Lambent/Pods-Lambent.debug.xcconfig"; sourceTree = "<group>"; };
		BD8474D11F799D8C00DF5CD2 /* PracticeView.swift */ = {isa = PBXFileReference; lastKnownFileType = sourcecode.swift; path = PracticeView.swift; sourceTree = "<group>"; };
		BDA428DE1F5F3EFC003CE8CA /* GoogleService-Info.plist */ = {isa = PBXFileReference; fileEncoding = 4; lastKnownFileType = text.plist.xml; path = "GoogleService-Info.plist"; sourceTree = "<group>"; };
		BDA429051F5F3FFD003CE8CA /* Info.plist */ = {isa = PBXFileReference; lastKnownFileType = text.plist.xml; path = Info.plist; sourceTree = "<group>"; };
		BDEF97951F72EDF4004F61BE /* LambentUITests.xctest */ = {isa = PBXFileReference; explicitFileType = wrapper.cfbundle; includeInIndex = 0; path = LambentUITests.xctest; sourceTree = BUILT_PRODUCTS_DIR; };
		BDEF97961F72EDF4004F61BE /* LambentUnitTests.xctest */ = {isa = PBXFileReference; explicitFileType = wrapper.cfbundle; includeInIndex = 0; path = LambentUnitTests.xctest; sourceTree = BUILT_PRODUCTS_DIR; };
/* End PBXFileReference section */

/* Begin PBXFrameworksBuildPhase section */
		17C2834D1DF066F400E7BC29 /* Frameworks */ = {
			isa = PBXFrameworksBuildPhase;
			buildActionMask = 2147483647;
			files = (
				AFA17C86AD1B331060216B61 /* Pods_Lambent.framework in Frameworks */,
			);
			runOnlyForDeploymentPostprocessing = 0;
		};
		BD37715C1F5F4545004E8D28 /* Frameworks */ = {
			isa = PBXFrameworksBuildPhase;
			buildActionMask = 2147483647;
			files = (
			);
			runOnlyForDeploymentPostprocessing = 0;
		};
		BDA428FE1F5F3FFD003CE8CA /* Frameworks */ = {
			isa = PBXFrameworksBuildPhase;
			buildActionMask = 2147483647;
			files = (
			);
			runOnlyForDeploymentPostprocessing = 0;
		};
/* End PBXFrameworksBuildPhase section */

/* Begin PBXGroup section */
		09B34E1E00A35F37FC8F7379 /* Pods */ = {
			isa = PBXGroup;
			children = (
				BD812E83F0E8C4FFF14574BC /* Pods-Lambent.debug.xcconfig */,
				5BA1DF4361318A62FDEDDD3A /* Pods-Lambent.release.xcconfig */,
			);
			name = Pods;
			sourceTree = "<group>";
		};
		173D112C1E37F56E00706B80 /* Services */ = {
			isa = PBXGroup;
			children = (
				173D112D1E3928AD00706B80 /* ServiceLayer.swift */,
				171C257C1E413A6C00DED91F /* Cache.swift */,
			);
			name = Services;
			sourceTree = "<group>";
		};
		17C059EB1E305A5A007ACFB1 /* Common */ = {
			isa = PBXGroup;
			children = (
				172F513D1E01CFD60048E8E3 /* HelperMethods.swift */,
				177DD3511E09C02000605146 /* Colors.swift */,
			);
			name = Common;
			sourceTree = "<group>";
		};
		17C059EC1E305A86007ACFB1 /* Supporting Files */ = {
			isa = PBXGroup;
			children = (
				17F6DAD91E399A3700DDD5D2 /* Photography.entitlements */,
				17C283531DF066F400E7BC29 /* AppDelegate.swift */,
				17C2835A1DF066F400E7BC29 /* Assets.xcassets */,
				17C2835C1DF066F400E7BC29 /* LaunchScreen.storyboard */,
				17C2835F1DF066F400E7BC29 /* Info.plist */,
				BDA428DE1F5F3EFC003CE8CA /* GoogleService-Info.plist */,
			);
			name = "Supporting Files";
			sourceTree = "<group>";
		};
		17C283471DF066F300E7BC29 = {
			isa = PBXGroup;
			children = (
				BD4E73B61F754952002DA5EE /* Lambent-Bridging-Header.h */,
				17C283521DF066F400E7BC29 /* Photography */,
				BDA429021F5F3FFD003CE8CA /* LambentUnitTests */,
				BD3771601F5F4545004E8D28 /* LambentUITests */,
				17C283511DF066F400E7BC29 /* Products */,
				09B34E1E00A35F37FC8F7379 /* Pods */,
				A3B4AA1FD5FA0F48198D8489 /* Frameworks */,
				BDEF97951F72EDF4004F61BE /* LambentUITests.xctest */,
				BDEF97961F72EDF4004F61BE /* LambentUnitTests.xctest */,
			);
			sourceTree = "<group>";
		};
		17C283511DF066F400E7BC29 /* Products */ = {
			isa = PBXGroup;
			children = (
				17C283501DF066F400E7BC29 /* Lambent.app */,
			);
			name = Products;
			sourceTree = "<group>";
		};
		17C283521DF066F400E7BC29 /* Photography */ = {
			isa = PBXGroup;
			children = (
				17E7BA271E4635B6004A8115 /* Home */,
				17E7BA281E4635E0004A8115 /* Tutorial */,
				17E7BA291E463636004A8115 /* Demo */,
				17C059EB1E305A5A007ACFB1 /* Common */,
				173D112C1E37F56E00706B80 /* Services */,
				17C059EC1E305A86007ACFB1 /* Supporting Files */,
			);
			path = Photography;
			sourceTree = "<group>";
		};
		17E7BA271E4635B6004A8115 /* Home */ = {
			isa = PBXGroup;
			children = (
				17C283551DF066F400E7BC29 /* HomeViewController.swift */,
				17C283651DF0788600E7BC29 /* HomeView.swift */,
				17C283691DF07F2000E7BC29 /* HomeCell.swift */,
				17C283671DF07CA400E7BC29 /* PhotographyModel.swift */,
			);
			name = Home;
			sourceTree = "<group>";
		};
		17E7BA281E4635E0004A8115 /* Tutorial */ = {
			isa = PBXGroup;
			children = (
				176958C71DF48A760060941A /* TutorialViewController.swift */,
				176958C31DF47FE50060941A /* TutorialView.swift */,
				1766336B1E0DD6BD00E2A05E /* TutorialModel.swift */,
				BD0DCAC21F74600400631C69 /* CameraHandler.swift */,
				BD8474D11F799D8C00DF5CD2 /* PracticeView.swift */,
			);
			name = Tutorial;
			sourceTree = "<group>";
		};
		17E7BA291E463636004A8115 /* Demo */ = {
			isa = PBXGroup;
			children = (
				177DD33F1E060BC800605146 /* DemoView.swift */,
				177DD3551E0ADA2D00605146 /* DemoModel.swift */,
			);
			name = Demo;
			sourceTree = "<group>";
		};
		A3B4AA1FD5FA0F48198D8489 /* Frameworks */ = {
			isa = PBXGroup;
			children = (
				65B495D5F1189E61A417A526 /* Pods_Lambent.framework */,
			);
			name = Frameworks;
			sourceTree = "<group>";
		};
		BD3771601F5F4545004E8D28 /* LambentUITests */ = {
			isa = PBXGroup;
			children = (
				BD3771611F5F4545004E8D28 /* LambentUITests.swift */,
				BD3771631F5F4545004E8D28 /* Info.plist */,
			);
			path = LambentUITests;
			sourceTree = "<group>";
		};
		BDA429021F5F3FFD003CE8CA /* LambentUnitTests */ = {
			isa = PBXGroup;
			children = (
				177DD3491E07761E00605146 /* DemoTests.swift */,
				1766336D1E1B3B9800E2A05E /* TutorialTests.swift */,
				17CF63BE1E253AA800D987A7 /* HomeTests.swift */,
				BDA429051F5F3FFD003CE8CA /* Info.plist */,
			);
			path = LambentUnitTests;
			sourceTree = "<group>";
		};
/* End PBXGroup section */

/* Begin PBXNativeTarget section */
		17C2834F1DF066F400E7BC29 /* Lambent */ = {
			isa = PBXNativeTarget;
			buildConfigurationList = 17C283621DF066F400E7BC29 /* Build configuration list for PBXNativeTarget "Lambent" */;
			buildPhases = (
				B627395D1A2D61307923EA02 /* [CP] Check Pods Manifest.lock */,
				17C2834C1DF066F400E7BC29 /* Sources */,
				17C2834D1DF066F400E7BC29 /* Frameworks */,
				17C2834E1DF066F400E7BC29 /* Resources */,
				5DA931B5B2EA860188B34F34 /* [CP] Embed Pods Frameworks */,
				8F716EBF0A6E5AC0C890CD7B /* [CP] Copy Pods Resources */,
			);
			buildRules = (
			);
			dependencies = (
			);
			name = Lambent;
			productName = Photography;
			productReference = 17C283501DF066F400E7BC29 /* Lambent.app */;
			productType = "com.apple.product-type.application";
		};
		BD37715E1F5F4545004E8D28 /* LambentUITests */ = {
			isa = PBXNativeTarget;
			buildConfigurationList = BD3771661F5F4545004E8D28 /* Build configuration list for PBXNativeTarget "LambentUITests" */;
			buildPhases = (
				BD37715B1F5F4545004E8D28 /* Sources */,
				BD37715C1F5F4545004E8D28 /* Frameworks */,
				BD37715D1F5F4545004E8D28 /* Resources */,
			);
			buildRules = (
			);
			dependencies = (
				BD3771651F5F4545004E8D28 /* PBXTargetDependency */,
			);
			name = LambentUITests;
			productName = LambentUITests;
			productReference = BDEF97951F72EDF4004F61BE /* LambentUITests.xctest */;
			productType = "com.apple.product-type.bundle.ui-testing";
		};
		BDA429001F5F3FFD003CE8CA /* LambentUnitTests */ = {
			isa = PBXNativeTarget;
			buildConfigurationList = BDA429081F5F3FFD003CE8CA /* Build configuration list for PBXNativeTarget "LambentUnitTests" */;
			buildPhases = (
				BDA428FD1F5F3FFD003CE8CA /* Sources */,
				BDA428FE1F5F3FFD003CE8CA /* Frameworks */,
				BDA428FF1F5F3FFD003CE8CA /* Resources */,
			);
			buildRules = (
			);
			dependencies = (
				BDA429071F5F3FFD003CE8CA /* PBXTargetDependency */,
			);
			name = LambentUnitTests;
			productName = LambentUnitTests;
			productReference = BDEF97961F72EDF4004F61BE /* LambentUnitTests.xctest */;
			productType = "com.apple.product-type.bundle.unit-test";
		};
/* End PBXNativeTarget section */

/* Begin PBXProject section */
		17C283481DF066F300E7BC29 /* Project object */ = {
			isa = PBXProject;
			attributes = {
				LastSwiftUpdateCheck = 0830;
				LastUpgradeCheck = 0900;
				ORGANIZATIONNAME = "Eisdorfer, Lauren";
				TargetAttributes = {
					17C2834F1DF066F400E7BC29 = {
						CreatedOnToolsVersion = 8.1;
						DevelopmentTeam = HV2ZKQRMWU;
						LastSwiftMigration = 0900;
						ProvisioningStyle = Automatic;
						SystemCapabilities = {
							com.apple.Keychain = {
								enabled = 1;
							};
						};
					};
					BD37715E1F5F4545004E8D28 = {
						CreatedOnToolsVersion = 8.3.3;
						DevelopmentTeam = HV2ZKQRMWU;
						LastSwiftMigration = 0900;
						ProvisioningStyle = Automatic;
						TestTargetID = 17C2834F1DF066F400E7BC29;
					};
					BDA429001F5F3FFD003CE8CA = {
						CreatedOnToolsVersion = 8.3.3;
						DevelopmentTeam = HV2ZKQRMWU;
						LastSwiftMigration = 0900;
						ProvisioningStyle = Automatic;
						TestTargetID = 17C2834F1DF066F400E7BC29;
					};
				};
			};
			buildConfigurationList = 17C2834B1DF066F400E7BC29 /* Build configuration list for PBXProject "Lambent" */;
			compatibilityVersion = "Xcode 3.2";
			developmentRegion = English;
			hasScannedForEncodings = 0;
			knownRegions = (
				en,
				Base,
			);
			mainGroup = 17C283471DF066F300E7BC29;
			productRefGroup = 17C283471DF066F300E7BC29;
			projectDirPath = "";
			projectRoot = "";
			targets = (
				17C2834F1DF066F400E7BC29 /* Lambent */,
				BDA429001F5F3FFD003CE8CA /* LambentUnitTests */,
				BD37715E1F5F4545004E8D28 /* LambentUITests */,
			);
		};
/* End PBXProject section */

/* Begin PBXResourcesBuildPhase section */
		17C2834E1DF066F400E7BC29 /* Resources */ = {
			isa = PBXResourcesBuildPhase;
			buildActionMask = 2147483647;
			files = (
				17C2835E1DF066F400E7BC29 /* LaunchScreen.storyboard in Resources */,
				17C2835B1DF066F400E7BC29 /* Assets.xcassets in Resources */,
				BDA428DF1F5F3EFC003CE8CA /* GoogleService-Info.plist in Resources */,
			);
			runOnlyForDeploymentPostprocessing = 0;
		};
		BD37715D1F5F4545004E8D28 /* Resources */ = {
			isa = PBXResourcesBuildPhase;
			buildActionMask = 2147483647;
			files = (
			);
			runOnlyForDeploymentPostprocessing = 0;
		};
		BDA428FF1F5F3FFD003CE8CA /* Resources */ = {
			isa = PBXResourcesBuildPhase;
			buildActionMask = 2147483647;
			files = (
			);
			runOnlyForDeploymentPostprocessing = 0;
		};
/* End PBXResourcesBuildPhase section */

/* Begin PBXShellScriptBuildPhase section */
		5DA931B5B2EA860188B34F34 /* [CP] Embed Pods Frameworks */ = {
			isa = PBXShellScriptBuildPhase;
			buildActionMask = 2147483647;
			files = (
			);
			inputPaths = (
				"${SRCROOT}/Pods/Target Support Files/Pods-Lambent/Pods-Lambent-frameworks.sh",
				"${BUILT_PRODUCTS_DIR}/GoogleToolboxForMac/GoogleToolboxForMac.framework",
				"${BUILT_PRODUCTS_DIR}/leveldb-library/leveldb.framework",
				"${BUILT_PRODUCTS_DIR}/nanopb/nanopb.framework",
			);
			name = "[CP] Embed Pods Frameworks";
			outputPaths = (
				"${TARGET_BUILD_DIR}/${FRAMEWORKS_FOLDER_PATH}/GoogleToolboxForMac.framework",
				"${TARGET_BUILD_DIR}/${FRAMEWORKS_FOLDER_PATH}/leveldb.framework",
				"${TARGET_BUILD_DIR}/${FRAMEWORKS_FOLDER_PATH}/nanopb.framework",
			);
			runOnlyForDeploymentPostprocessing = 0;
			shellPath = /bin/sh;
			shellScript = "\"${SRCROOT}/Pods/Target Support Files/Pods-Lambent/Pods-Lambent-frameworks.sh\"\n";
			showEnvVarsInLog = 0;
		};
		8F716EBF0A6E5AC0C890CD7B /* [CP] Copy Pods Resources */ = {
			isa = PBXShellScriptBuildPhase;
			buildActionMask = 2147483647;
			files = (
			);
			inputPaths = (
			);
			name = "[CP] Copy Pods Resources";
			outputPaths = (
			);
			runOnlyForDeploymentPostprocessing = 0;
			shellPath = /bin/sh;
			shellScript = "\"${SRCROOT}/Pods/Target Support Files/Pods-Lambent/Pods-Lambent-resources.sh\"\n";
			showEnvVarsInLog = 0;
		};
		B627395D1A2D61307923EA02 /* [CP] Check Pods Manifest.lock */ = {
			isa = PBXShellScriptBuildPhase;
			buildActionMask = 2147483647;
			files = (
			);
			inputPaths = (
				"${PODS_PODFILE_DIR_PATH}/Podfile.lock",
				"${PODS_ROOT}/Manifest.lock",
			);
			name = "[CP] Check Pods Manifest.lock";
			outputPaths = (
				"$(DERIVED_FILE_DIR)/Pods-Lambent-checkManifestLockResult.txt",
			);
			runOnlyForDeploymentPostprocessing = 0;
			shellPath = /bin/sh;
			shellScript = "diff \"${PODS_PODFILE_DIR_PATH}/Podfile.lock\" \"${PODS_ROOT}/Manifest.lock\" > /dev/null\nif [ $? != 0 ] ; then\n    # print error to STDERR\n    echo \"error: The sandbox is not in sync with the Podfile.lock. Run 'pod install' or update your CocoaPods installation.\" >&2\n    exit 1\nfi\n# This output is used by Xcode 'outputs' to avoid re-running this script phase.\necho \"SUCCESS\" > \"${SCRIPT_OUTPUT_FILE_0}\"\n";
			showEnvVarsInLog = 0;
		};
/* End PBXShellScriptBuildPhase section */

/* Begin PBXSourcesBuildPhase section */
		17C2834C1DF066F400E7BC29 /* Sources */ = {
			isa = PBXSourcesBuildPhase;
			buildActionMask = 2147483647;
			files = (
				171C257D1E413A6C00DED91F /* Cache.swift in Sources */,
				17C2836A1DF07F2000E7BC29 /* HomeCell.swift in Sources */,
				177DD3521E09C02000605146 /* Colors.swift in Sources */,
				BD8474D21F799D8C00DF5CD2 /* PracticeView.swift in Sources */,
				172F513E1E01CFD60048E8E3 /* HelperMethods.swift in Sources */,
				176958C81DF48A760060941A /* TutorialViewController.swift in Sources */,
				173D112E1E3928AD00706B80 /* ServiceLayer.swift in Sources */,
				BD0DCAC31F74600400631C69 /* CameraHandler.swift in Sources */,
				17C283661DF0788600E7BC29 /* HomeView.swift in Sources */,
				177DD3561E0ADA2D00605146 /* DemoModel.swift in Sources */,
				177DD3401E060BC800605146 /* DemoView.swift in Sources */,
				176958C41DF47FE50060941A /* TutorialView.swift in Sources */,
				17C283681DF07CA400E7BC29 /* PhotographyModel.swift in Sources */,
				17C283561DF066F400E7BC29 /* HomeViewController.swift in Sources */,
				17C283541DF066F400E7BC29 /* AppDelegate.swift in Sources */,
				1766336C1E0DD6BD00E2A05E /* TutorialModel.swift in Sources */,
			);
			runOnlyForDeploymentPostprocessing = 0;
		};
		BD37715B1F5F4545004E8D28 /* Sources */ = {
			isa = PBXSourcesBuildPhase;
			buildActionMask = 2147483647;
			files = (
				BD3771621F5F4545004E8D28 /* LambentUITests.swift in Sources */,
			);
			runOnlyForDeploymentPostprocessing = 0;
		};
		BDA428FD1F5F3FFD003CE8CA /* Sources */ = {
			isa = PBXSourcesBuildPhase;
			buildActionMask = 2147483647;
			files = (
				BDA4290B1F5F4009003CE8CA /* DemoTests.swift in Sources */,
				BDA4290C1F5F4015003CE8CA /* TutorialTests.swift in Sources */,
				BDA4290D1F5F4019003CE8CA /* HomeTests.swift in Sources */,
			);
			runOnlyForDeploymentPostprocessing = 0;
		};
/* End PBXSourcesBuildPhase section */

/* Begin PBXTargetDependency section */
		BD3771651F5F4545004E8D28 /* PBXTargetDependency */ = {
			isa = PBXTargetDependency;
			target = 17C2834F1DF066F400E7BC29 /* Lambent */;
			targetProxy = BD3771641F5F4545004E8D28 /* PBXContainerItemProxy */;
		};
		BDA429071F5F3FFD003CE8CA /* PBXTargetDependency */ = {
			isa = PBXTargetDependency;
			target = 17C2834F1DF066F400E7BC29 /* Lambent */;
			targetProxy = BDA429061F5F3FFD003CE8CA /* PBXContainerItemProxy */;
		};
/* End PBXTargetDependency section */

/* Begin PBXVariantGroup section */
		17C2835C1DF066F400E7BC29 /* LaunchScreen.storyboard */ = {
			isa = PBXVariantGroup;
			children = (
				17C2835D1DF066F400E7BC29 /* Base */,
			);
			name = LaunchScreen.storyboard;
			sourceTree = "<group>";
		};
/* End PBXVariantGroup section */

/* Begin XCBuildConfiguration section */
		17C283601DF066F400E7BC29 /* Debug */ = {
			isa = XCBuildConfiguration;
			buildSettings = {
				ALWAYS_SEARCH_USER_PATHS = NO;
				CLANG_ANALYZER_NONNULL = YES;
				CLANG_CXX_LANGUAGE_STANDARD = "gnu++0x";
				CLANG_CXX_LIBRARY = "libc++";
				CLANG_ENABLE_MODULES = YES;
				CLANG_ENABLE_OBJC_ARC = YES;
				CLANG_WARN_BLOCK_CAPTURE_AUTORELEASING = YES;
				CLANG_WARN_BOOL_CONVERSION = YES;
				CLANG_WARN_COMMA = YES;
				CLANG_WARN_CONSTANT_CONVERSION = YES;
				CLANG_WARN_DIRECT_OBJC_ISA_USAGE = YES_ERROR;
				CLANG_WARN_DOCUMENTATION_COMMENTS = YES;
				CLANG_WARN_EMPTY_BODY = YES;
				CLANG_WARN_ENUM_CONVERSION = YES;
				CLANG_WARN_INFINITE_RECURSION = YES;
				CLANG_WARN_INT_CONVERSION = YES;
				CLANG_WARN_NON_LITERAL_NULL_CONVERSION = YES;
				CLANG_WARN_OBJC_LITERAL_CONVERSION = YES;
				CLANG_WARN_OBJC_ROOT_CLASS = YES_ERROR;
				CLANG_WARN_RANGE_LOOP_ANALYSIS = YES;
				CLANG_WARN_STRICT_PROTOTYPES = YES;
				CLANG_WARN_SUSPICIOUS_MOVE = YES;
				CLANG_WARN_SUSPICIOUS_MOVES = YES;
				CLANG_WARN_UNREACHABLE_CODE = YES;
				CLANG_WARN__DUPLICATE_METHOD_MATCH = YES;
				"CODE_SIGN_IDENTITY[sdk=iphoneos*]" = "iPhone Developer";
				COPY_PHASE_STRIP = NO;
				DEBUG_INFORMATION_FORMAT = dwarf;
				ENABLE_STRICT_OBJC_MSGSEND = YES;
				ENABLE_TESTABILITY = YES;
				GCC_C_LANGUAGE_STANDARD = gnu99;
				GCC_DYNAMIC_NO_PIC = NO;
				GCC_NO_COMMON_BLOCKS = YES;
				GCC_OPTIMIZATION_LEVEL = 0;
				GCC_PREPROCESSOR_DEFINITIONS = (
					"DEBUG=1",
					"$(inherited)",
				);
				GCC_WARN_64_TO_32_BIT_CONVERSION = YES;
				GCC_WARN_ABOUT_RETURN_TYPE = YES_ERROR;
				GCC_WARN_UNDECLARED_SELECTOR = YES;
				GCC_WARN_UNINITIALIZED_AUTOS = YES_AGGRESSIVE;
				GCC_WARN_UNUSED_FUNCTION = YES;
				GCC_WARN_UNUSED_VARIABLE = YES;
				IPHONEOS_DEPLOYMENT_TARGET = 11.0;
				MTL_ENABLE_DEBUG_INFO = YES;
				ONLY_ACTIVE_ARCH = YES;
				SDKROOT = iphoneos;
				SWIFT_ACTIVE_COMPILATION_CONDITIONS = DEBUG;
				SWIFT_OBJC_BRIDGING_HEADER = "Lambent-Bridging-Header.h";
				SWIFT_OPTIMIZATION_LEVEL = "-Onone";
				TARGETED_DEVICE_FAMILY = "1,2";
			};
			name = Debug;
		};
		17C283611DF066F400E7BC29 /* Release */ = {
			isa = XCBuildConfiguration;
			buildSettings = {
				ALWAYS_SEARCH_USER_PATHS = NO;
				CLANG_ANALYZER_NONNULL = YES;
				CLANG_CXX_LANGUAGE_STANDARD = "gnu++0x";
				CLANG_CXX_LIBRARY = "libc++";
				CLANG_ENABLE_MODULES = YES;
				CLANG_ENABLE_OBJC_ARC = YES;
				CLANG_WARN_BLOCK_CAPTURE_AUTORELEASING = YES;
				CLANG_WARN_BOOL_CONVERSION = YES;
				CLANG_WARN_COMMA = YES;
				CLANG_WARN_CONSTANT_CONVERSION = YES;
				CLANG_WARN_DIRECT_OBJC_ISA_USAGE = YES_ERROR;
				CLANG_WARN_DOCUMENTATION_COMMENTS = YES;
				CLANG_WARN_EMPTY_BODY = YES;
				CLANG_WARN_ENUM_CONVERSION = YES;
				CLANG_WARN_INFINITE_RECURSION = YES;
				CLANG_WARN_INT_CONVERSION = YES;
				CLANG_WARN_NON_LITERAL_NULL_CONVERSION = YES;
				CLANG_WARN_OBJC_LITERAL_CONVERSION = YES;
				CLANG_WARN_OBJC_ROOT_CLASS = YES_ERROR;
				CLANG_WARN_RANGE_LOOP_ANALYSIS = YES;
				CLANG_WARN_STRICT_PROTOTYPES = YES;
				CLANG_WARN_SUSPICIOUS_MOVE = YES;
				CLANG_WARN_SUSPICIOUS_MOVES = YES;
				CLANG_WARN_UNREACHABLE_CODE = YES;
				CLANG_WARN__DUPLICATE_METHOD_MATCH = YES;
				"CODE_SIGN_IDENTITY[sdk=iphoneos*]" = "iPhone Developer";
				COPY_PHASE_STRIP = NO;
				DEBUG_INFORMATION_FORMAT = "dwarf-with-dsym";
				ENABLE_NS_ASSERTIONS = NO;
				ENABLE_STRICT_OBJC_MSGSEND = YES;
				GCC_C_LANGUAGE_STANDARD = gnu99;
				GCC_NO_COMMON_BLOCKS = YES;
				GCC_WARN_64_TO_32_BIT_CONVERSION = YES;
				GCC_WARN_ABOUT_RETURN_TYPE = YES_ERROR;
				GCC_WARN_UNDECLARED_SELECTOR = YES;
				GCC_WARN_UNINITIALIZED_AUTOS = YES_AGGRESSIVE;
				GCC_WARN_UNUSED_FUNCTION = YES;
				GCC_WARN_UNUSED_VARIABLE = YES;
				IPHONEOS_DEPLOYMENT_TARGET = 11.0;
				MTL_ENABLE_DEBUG_INFO = NO;
				SDKROOT = iphoneos;
				SWIFT_OBJC_BRIDGING_HEADER = "Lambent-Bridging-Header.h";
				SWIFT_OPTIMIZATION_LEVEL = "-Owholemodule";
				TARGETED_DEVICE_FAMILY = "1,2";
				VALIDATE_PRODUCT = YES;
			};
			name = Release;
		};
		17C283631DF066F400E7BC29 /* Debug */ = {
			isa = XCBuildConfiguration;
			baseConfigurationReference = BD812E83F0E8C4FFF14574BC /* Pods-Lambent.debug.xcconfig */;
			buildSettings = {
				ASSETCATALOG_COMPILER_APPICON_NAME = AppIcon;
				CODE_SIGN_ENTITLEMENTS = Photography/Photography.entitlements;
				DEVELOPMENT_TEAM = HV2ZKQRMWU;
				INFOPLIST_FILE = Photography/Info.plist;
				IPHONEOS_DEPLOYMENT_TARGET = 11.0;
				LD_RUNPATH_SEARCH_PATHS = "$(inherited) @executable_path/Frameworks";
				PRODUCT_BUNDLE_IDENTIFIER = com.lauren.eisdorfer.lambent;
				PRODUCT_NAME = "$(TARGET_NAME)";
				SWIFT_SWIFT3_OBJC_INFERENCE = On;
				SWIFT_VERSION = 4.0;
			};
			name = Debug;
		};
		17C283641DF066F400E7BC29 /* Release */ = {
			isa = XCBuildConfiguration;
			baseConfigurationReference = 5BA1DF4361318A62FDEDDD3A /* Pods-Lambent.release.xcconfig */;
			buildSettings = {
				ASSETCATALOG_COMPILER_APPICON_NAME = AppIcon;
				CODE_SIGN_ENTITLEMENTS = Photography/Photography.entitlements;
				DEVELOPMENT_TEAM = HV2ZKQRMWU;
				INFOPLIST_FILE = Photography/Info.plist;
				IPHONEOS_DEPLOYMENT_TARGET = 11.0;
				LD_RUNPATH_SEARCH_PATHS = "$(inherited) @executable_path/Frameworks";
				PRODUCT_BUNDLE_IDENTIFIER = com.lauren.eisdorfer.lambent;
				PRODUCT_NAME = "$(TARGET_NAME)";
				SWIFT_SWIFT3_OBJC_INFERENCE = On;
				SWIFT_VERSION = 4.0;
			};
			name = Release;
		};
		BD3771671F5F4545004E8D28 /* Debug */ = {
			isa = XCBuildConfiguration;
			buildSettings = {
				CLANG_ANALYZER_NUMBER_OBJECT_CONVERSION = YES_AGGRESSIVE;
				DEVELOPMENT_TEAM = HV2ZKQRMWU;
				INFOPLIST_FILE = LambentUITests/Info.plist;
				IPHONEOS_DEPLOYMENT_TARGET = 11.0;
				LD_RUNPATH_SEARCH_PATHS = "$(inherited) @executable_path/Frameworks @loader_path/Frameworks";
				PRODUCT_BUNDLE_IDENTIFIER = lauren.eisdorfer.LambentUITests;
				PRODUCT_NAME = "$(TARGET_NAME)";
				SWIFT_SWIFT3_OBJC_INFERENCE = On;
				SWIFT_VERSION = 4.0;
				TEST_TARGET_NAME = Lambent;
			};
			name = Debug;
		};
		BD3771681F5F4545004E8D28 /* Release */ = {
			isa = XCBuildConfiguration;
			buildSettings = {
				CLANG_ANALYZER_NUMBER_OBJECT_CONVERSION = YES_AGGRESSIVE;
				DEVELOPMENT_TEAM = HV2ZKQRMWU;
				INFOPLIST_FILE = LambentUITests/Info.plist;
				IPHONEOS_DEPLOYMENT_TARGET = 11.0;
				LD_RUNPATH_SEARCH_PATHS = "$(inherited) @executable_path/Frameworks @loader_path/Frameworks";
				PRODUCT_BUNDLE_IDENTIFIER = lauren.eisdorfer.LambentUITests;
				PRODUCT_NAME = "$(TARGET_NAME)";
				SWIFT_SWIFT3_OBJC_INFERENCE = On;
				SWIFT_VERSION = 4.0;
				TEST_TARGET_NAME = Lambent;
			};
			name = Release;
		};
		BDA429091F5F3FFD003CE8CA /* Debug */ = {
			isa = XCBuildConfiguration;
			buildSettings = {
				BUNDLE_LOADER = "$(TEST_HOST)";
				CLANG_ANALYZER_NUMBER_OBJECT_CONVERSION = YES_AGGRESSIVE;
				DEVELOPMENT_TEAM = HV2ZKQRMWU;
				HEADER_SEARCH_PATHS = "$(SRCROOT)/Pods/**";
				INFOPLIST_FILE = LambentUnitTests/Info.plist;
				IPHONEOS_DEPLOYMENT_TARGET = 11.0;
				LD_RUNPATH_SEARCH_PATHS = "$(inherited) @executable_path/Frameworks @loader_path/Frameworks";
				PRODUCT_BUNDLE_IDENTIFIER = lauren.eisdorfer.LambentUnitTests;
				PRODUCT_NAME = "$(TARGET_NAME)";
				SWIFT_SWIFT3_OBJC_INFERENCE = On;
				SWIFT_VERSION = 4.0;
				TEST_HOST = "$(BUILT_PRODUCTS_DIR)/Lambent.app/Lambent";
			};
			name = Debug;
		};
		BDA4290A1F5F3FFD003CE8CA /* Release */ = {
			isa = XCBuildConfiguration;
			buildSettings = {
				BUNDLE_LOADER = "$(TEST_HOST)";
				CLANG_ANALYZER_NUMBER_OBJECT_CONVERSION = YES_AGGRESSIVE;
				DEVELOPMENT_TEAM = HV2ZKQRMWU;
				HEADER_SEARCH_PATHS = "$(SRCROOT)/Pods/**";
				INFOPLIST_FILE = LambentUnitTests/Info.plist;
				IPHONEOS_DEPLOYMENT_TARGET = 11.0;
				LD_RUNPATH_SEARCH_PATHS = "$(inherited) @executable_path/Frameworks @loader_path/Frameworks";
				PRODUCT_BUNDLE_IDENTIFIER = lauren.eisdorfer.LambentUnitTests;
				PRODUCT_NAME = "$(TARGET_NAME)";
				SWIFT_SWIFT3_OBJC_INFERENCE = On;
				SWIFT_VERSION = 4.0;
				TEST_HOST = "$(BUILT_PRODUCTS_DIR)/Lambent.app/Lambent";
			};
			name = Release;
		};
/* End XCBuildConfiguration section */

/* Begin XCConfigurationList section */
		17C2834B1DF066F400E7BC29 /* Build configuration list for PBXProject "Lambent" */ = {
			isa = XCConfigurationList;
			buildConfigurations = (
				17C283601DF066F400E7BC29 /* Debug */,
				17C283611DF066F400E7BC29 /* Release */,
			);
			defaultConfigurationIsVisible = 0;
			defaultConfigurationName = Release;
		};
		17C283621DF066F400E7BC29 /* Build configuration list for PBXNativeTarget "Lambent" */ = {
			isa = XCConfigurationList;
			buildConfigurations = (
				17C283631DF066F400E7BC29 /* Debug */,
				17C283641DF066F400E7BC29 /* Release */,
			);
			defaultConfigurationIsVisible = 0;
			defaultConfigurationName = Release;
		};
		BD3771661F5F4545004E8D28 /* Build configuration list for PBXNativeTarget "LambentUITests" */ = {
			isa = XCConfigurationList;
			buildConfigurations = (
				BD3771671F5F4545004E8D28 /* Debug */,
				BD3771681F5F4545004E8D28 /* Release */,
			);
			defaultConfigurationIsVisible = 0;
			defaultConfigurationName = Release;
		};
		BDA429081F5F3FFD003CE8CA /* Build configuration list for PBXNativeTarget "LambentUnitTests" */ = {
			isa = XCConfigurationList;
			buildConfigurations = (
				BDA429091F5F3FFD003CE8CA /* Debug */,
				BDA4290A1F5F3FFD003CE8CA /* Release */,
			);
			defaultConfigurationIsVisible = 0;
			defaultConfigurationName = Release;
		};
/* End XCConfigurationList section */
	};
	rootObject = 17C283481DF066F300E7BC29 /* Project object */;
}
