// !$*UTF8*$!
{
	archiveVersion = 1;
	classes = {
	};
	objectVersion = 46;
	objects = {

/* Begin PBXBuildFile section */
		172F513E1E01CFD60048E8E3 /* HelperMethods.swift in Sources */ = {isa = PBXBuildFile; fileRef = 172F513D1E01CFD60048E8E3 /* HelperMethods.swift */; };
		1766336C1E0DD6BD00E2A05E /* TutorialModel.swift in Sources */ = {isa = PBXBuildFile; fileRef = 1766336B1E0DD6BD00E2A05E /* TutorialModel.swift */; };
		176958C41DF47FE50060941A /* TutorialView.swift in Sources */ = {isa = PBXBuildFile; fileRef = 176958C31DF47FE50060941A /* TutorialView.swift */; };
		176958C81DF48A760060941A /* TutorialViewController.swift in Sources */ = {isa = PBXBuildFile; fileRef = 176958C71DF48A760060941A /* TutorialViewController.swift */; };
		177DD3401E060BC800605146 /* DemoView.swift in Sources */ = {isa = PBXBuildFile; fileRef = 177DD33F1E060BC800605146 /* DemoView.swift */; };
		177DD34A1E07761E00605146 /* DemoTests.swift in Sources */ = {isa = PBXBuildFile; fileRef = 177DD3491E07761E00605146 /* DemoTests.swift */; };
		177DD3521E09C02000605146 /* Colors.swift in Sources */ = {isa = PBXBuildFile; fileRef = 177DD3511E09C02000605146 /* Colors.swift */; };
		177DD3561E0ADA2D00605146 /* DemoModel.swift in Sources */ = {isa = PBXBuildFile; fileRef = 177DD3551E0ADA2D00605146 /* DemoModel.swift */; };
		17C283541DF066F400E7BC29 /* AppDelegate.swift in Sources */ = {isa = PBXBuildFile; fileRef = 17C283531DF066F400E7BC29 /* AppDelegate.swift */; };
		17C283561DF066F400E7BC29 /* ViewController.swift in Sources */ = {isa = PBXBuildFile; fileRef = 17C283551DF066F400E7BC29 /* ViewController.swift */; };
		17C2835B1DF066F400E7BC29 /* Assets.xcassets in Resources */ = {isa = PBXBuildFile; fileRef = 17C2835A1DF066F400E7BC29 /* Assets.xcassets */; };
		17C2835E1DF066F400E7BC29 /* LaunchScreen.storyboard in Resources */ = {isa = PBXBuildFile; fileRef = 17C2835C1DF066F400E7BC29 /* LaunchScreen.storyboard */; };
		17C283661DF0788600E7BC29 /* PhotographyView.swift in Sources */ = {isa = PBXBuildFile; fileRef = 17C283651DF0788600E7BC29 /* PhotographyView.swift */; };
		17C283681DF07CA400E7BC29 /* PhotographyModel.swift in Sources */ = {isa = PBXBuildFile; fileRef = 17C283671DF07CA400E7BC29 /* PhotographyModel.swift */; };
		17C2836A1DF07F2000E7BC29 /* PhotographyCell.swift in Sources */ = {isa = PBXBuildFile; fileRef = 17C283691DF07F2000E7BC29 /* PhotographyCell.swift */; };
/* End PBXBuildFile section */

/* Begin PBXContainerItemProxy section */
		177DD34C1E07761E00605146 /* PBXContainerItemProxy */ = {
			isa = PBXContainerItemProxy;
			containerPortal = 17C283481DF066F300E7BC29 /* Project object */;
			proxyType = 1;
			remoteGlobalIDString = 17C2834F1DF066F400E7BC29;
			remoteInfo = Photography;
		};
/* End PBXContainerItemProxy section */

/* Begin PBXFileReference section */
		172F513D1E01CFD60048E8E3 /* HelperMethods.swift */ = {isa = PBXFileReference; fileEncoding = 4; lastKnownFileType = sourcecode.swift; path = HelperMethods.swift; sourceTree = "<group>"; };
		1766336B1E0DD6BD00E2A05E /* TutorialModel.swift */ = {isa = PBXFileReference; fileEncoding = 4; lastKnownFileType = sourcecode.swift; path = TutorialModel.swift; sourceTree = "<group>"; };
		176958C31DF47FE50060941A /* TutorialView.swift */ = {isa = PBXFileReference; fileEncoding = 4; lastKnownFileType = sourcecode.swift; name = TutorialView.swift; path = ../TutorialView.swift; sourceTree = "<group>"; };
		176958C71DF48A760060941A /* TutorialViewController.swift */ = {isa = PBXFileReference; fileEncoding = 4; lastKnownFileType = sourcecode.swift; name = TutorialViewController.swift; path = ../TutorialViewController.swift; sourceTree = "<group>"; };
		177DD33F1E060BC800605146 /* DemoView.swift */ = {isa = PBXFileReference; fileEncoding = 4; lastKnownFileType = sourcecode.swift; path = DemoView.swift; sourceTree = "<group>"; };
		177DD3471E07761E00605146 /* PhotographyTests.xctest */ = {isa = PBXFileReference; explicitFileType = wrapper.cfbundle; includeInIndex = 0; path = PhotographyTests.xctest; sourceTree = BUILT_PRODUCTS_DIR; };
		177DD3491E07761E00605146 /* DemoTests.swift */ = {isa = PBXFileReference; lastKnownFileType = sourcecode.swift; path = DemoTests.swift; sourceTree = "<group>"; };
		177DD34B1E07761E00605146 /* Info.plist */ = {isa = PBXFileReference; lastKnownFileType = text.plist.xml; path = Info.plist; sourceTree = "<group>"; };
		177DD3511E09C02000605146 /* Colors.swift */ = {isa = PBXFileReference; fileEncoding = 4; lastKnownFileType = sourcecode.swift; path = Colors.swift; sourceTree = "<group>"; };
		177DD3551E0ADA2D00605146 /* DemoModel.swift */ = {isa = PBXFileReference; fileEncoding = 4; lastKnownFileType = sourcecode.swift; path = DemoModel.swift; sourceTree = "<group>"; };
		17C283501DF066F400E7BC29 /* Photography.app */ = {isa = PBXFileReference; explicitFileType = wrapper.application; includeInIndex = 0; path = Photography.app; sourceTree = BUILT_PRODUCTS_DIR; };
		17C283531DF066F400E7BC29 /* AppDelegate.swift */ = {isa = PBXFileReference; lastKnownFileType = sourcecode.swift; path = AppDelegate.swift; sourceTree = "<group>"; };
		17C283551DF066F400E7BC29 /* ViewController.swift */ = {isa = PBXFileReference; lastKnownFileType = sourcecode.swift; path = ViewController.swift; sourceTree = "<group>"; };
		17C2835A1DF066F400E7BC29 /* Assets.xcassets */ = {isa = PBXFileReference; lastKnownFileType = folder.assetcatalog; path = Assets.xcassets; sourceTree = "<group>"; };
		17C2835D1DF066F400E7BC29 /* Base */ = {isa = PBXFileReference; lastKnownFileType = file.storyboard; name = Base; path = Base.lproj/LaunchScreen.storyboard; sourceTree = "<group>"; };
		17C2835F1DF066F400E7BC29 /* Info.plist */ = {isa = PBXFileReference; lastKnownFileType = text.plist.xml; path = Info.plist; sourceTree = "<group>"; };
		17C283651DF0788600E7BC29 /* PhotographyView.swift */ = {isa = PBXFileReference; fileEncoding = 4; lastKnownFileType = sourcecode.swift; path = PhotographyView.swift; sourceTree = "<group>"; };
		17C283671DF07CA400E7BC29 /* PhotographyModel.swift */ = {isa = PBXFileReference; fileEncoding = 4; lastKnownFileType = sourcecode.swift; path = PhotographyModel.swift; sourceTree = "<group>"; };
		17C283691DF07F2000E7BC29 /* PhotographyCell.swift */ = {isa = PBXFileReference; fileEncoding = 4; lastKnownFileType = sourcecode.swift; path = PhotographyCell.swift; sourceTree = "<group>"; };
/* End PBXFileReference section */

/* Begin PBXFrameworksBuildPhase section */
		177DD3441E07761E00605146 /* Frameworks */ = {
			isa = PBXFrameworksBuildPhase;
			buildActionMask = 2147483647;
			files = (
			);
			runOnlyForDeploymentPostprocessing = 0;
		};
		17C2834D1DF066F400E7BC29 /* Frameworks */ = {
			isa = PBXFrameworksBuildPhase;
			buildActionMask = 2147483647;
			files = (
			);
			runOnlyForDeploymentPostprocessing = 0;
		};
/* End PBXFrameworksBuildPhase section */

/* Begin PBXGroup section */
		177DD3481E07761E00605146 /* PhotographyTests */ = {
			isa = PBXGroup;
			children = (
				177DD3491E07761E00605146 /* DemoTests.swift */,
				177DD34B1E07761E00605146 /* Info.plist */,
			);
			path = PhotographyTests;
			sourceTree = "<group>";
		};
		17C283471DF066F300E7BC29 = {
			isa = PBXGroup;
			children = (
				17C283521DF066F400E7BC29 /* Photography */,
				177DD3481E07761E00605146 /* PhotographyTests */,
				17C283511DF066F400E7BC29 /* Products */,
			);
			sourceTree = "<group>";
		};
		17C283511DF066F400E7BC29 /* Products */ = {
			isa = PBXGroup;
			children = (
				17C283501DF066F400E7BC29 /* Photography.app */,
				177DD3471E07761E00605146 /* PhotographyTests.xctest */,
			);
			name = Products;
			sourceTree = "<group>";
		};
		17C283521DF066F400E7BC29 /* Photography */ = {
			isa = PBXGroup;
			children = (
				176958C31DF47FE50060941A /* TutorialView.swift */,
				1766336B1E0DD6BD00E2A05E /* TutorialModel.swift */,
				17C283531DF066F400E7BC29 /* AppDelegate.swift */,
				177DD33F1E060BC800605146 /* DemoView.swift */,
				177DD3551E0ADA2D00605146 /* DemoModel.swift */,
				176958C71DF48A760060941A /* TutorialViewController.swift */,
				17C283551DF066F400E7BC29 /* ViewController.swift */,
				17C283651DF0788600E7BC29 /* PhotographyView.swift */,
				17C283691DF07F2000E7BC29 /* PhotographyCell.swift */,
				172F513D1E01CFD60048E8E3 /* HelperMethods.swift */,
				17C283671DF07CA400E7BC29 /* PhotographyModel.swift */,
				177DD3511E09C02000605146 /* Colors.swift */,
				17C2835A1DF066F400E7BC29 /* Assets.xcassets */,
				17C2835C1DF066F400E7BC29 /* LaunchScreen.storyboard */,
				17C2835F1DF066F400E7BC29 /* Info.plist */,
			);
			path = Photography;
			sourceTree = "<group>";
		};
/* End PBXGroup section */

/* Begin PBXNativeTarget section */
		177DD3461E07761E00605146 /* PhotographyTests */ = {
			isa = PBXNativeTarget;
			buildConfigurationList = 177DD34E1E07761E00605146 /* Build configuration list for PBXNativeTarget "PhotographyTests" */;
			buildPhases = (
				177DD3431E07761E00605146 /* Sources */,
				177DD3441E07761E00605146 /* Frameworks */,
				177DD3451E07761E00605146 /* Resources */,
			);
			buildRules = (
			);
			dependencies = (
				177DD34D1E07761E00605146 /* PBXTargetDependency */,
			);
			name = PhotographyTests;
			productName = PhotographyTests;
			productReference = 177DD3471E07761E00605146 /* PhotographyTests.xctest */;
			productType = "com.apple.product-type.bundle.unit-test";
		};
		17C2834F1DF066F400E7BC29 /* Photography */ = {
			isa = PBXNativeTarget;
			buildConfigurationList = 17C283621DF066F400E7BC29 /* Build configuration list for PBXNativeTarget "Photography" */;
			buildPhases = (
				17C2834C1DF066F400E7BC29 /* Sources */,
				17C2834D1DF066F400E7BC29 /* Frameworks */,
				17C2834E1DF066F400E7BC29 /* Resources */,
			);
			buildRules = (
			);
			dependencies = (
			);
			name = Photography;
			productName = Photography;
			productReference = 17C283501DF066F400E7BC29 /* Photography.app */;
			productType = "com.apple.product-type.application";
		};
/* End PBXNativeTarget section */

/* Begin PBXProject section */
		17C283481DF066F300E7BC29 /* Project object */ = {
			isa = PBXProject;
			attributes = {
				LastSwiftUpdateCheck = 0810;
				LastUpgradeCheck = 0810;
				ORGANIZATIONNAME = "Eisdorfer, Lauren";
				TargetAttributes = {
					177DD3461E07761E00605146 = {
						CreatedOnToolsVersion = 8.1;
						ProvisioningStyle = Automatic;
						TestTargetID = 17C2834F1DF066F400E7BC29;
					};
					17C2834F1DF066F400E7BC29 = {
						CreatedOnToolsVersion = 8.1;
						ProvisioningStyle = Automatic;
					};
				};
			};
			buildConfigurationList = 17C2834B1DF066F400E7BC29 /* Build configuration list for PBXProject "Photography" */;
			compatibilityVersion = "Xcode 3.2";
			developmentRegion = English;
			hasScannedForEncodings = 0;
			knownRegions = (
				en,
				Base,
			);
			mainGroup = 17C283471DF066F300E7BC29;
			productRefGroup = 17C283511DF066F400E7BC29 /* Products */;
			projectDirPath = "";
			projectRoot = "";
			targets = (
				17C2834F1DF066F400E7BC29 /* Photography */,
				177DD3461E07761E00605146 /* PhotographyTests */,
			);
		};
/* End PBXProject section */

/* Begin PBXResourcesBuildPhase section */
		177DD3451E07761E00605146 /* Resources */ = {
			isa = PBXResourcesBuildPhase;
			buildActionMask = 2147483647;
			files = (
			);
			runOnlyForDeploymentPostprocessing = 0;
		};
		17C2834E1DF066F400E7BC29 /* Resources */ = {
			isa = PBXResourcesBuildPhase;
			buildActionMask = 2147483647;
			files = (
				17C2835E1DF066F400E7BC29 /* LaunchScreen.storyboard in Resources */,
				17C2835B1DF066F400E7BC29 /* Assets.xcassets in Resources */,
			);
			runOnlyForDeploymentPostprocessing = 0;
		};
/* End PBXResourcesBuildPhase section */

/* Begin PBXSourcesBuildPhase section */
		177DD3431E07761E00605146 /* Sources */ = {
			isa = PBXSourcesBuildPhase;
			buildActionMask = 2147483647;
			files = (
				177DD34A1E07761E00605146 /* DemoTests.swift in Sources */,
			);
			runOnlyForDeploymentPostprocessing = 0;
		};
		17C2834C1DF066F400E7BC29 /* Sources */ = {
			isa = PBXSourcesBuildPhase;
			buildActionMask = 2147483647;
			files = (
				17C2836A1DF07F2000E7BC29 /* PhotographyCell.swift in Sources */,
				177DD3521E09C02000605146 /* Colors.swift in Sources */,
				172F513E1E01CFD60048E8E3 /* HelperMethods.swift in Sources */,
				176958C81DF48A760060941A /* TutorialViewController.swift in Sources */,
				17C283661DF0788600E7BC29 /* PhotographyView.swift in Sources */,
				177DD3561E0ADA2D00605146 /* DemoModel.swift in Sources */,
				177DD3401E060BC800605146 /* DemoView.swift in Sources */,
				176958C41DF47FE50060941A /* TutorialView.swift in Sources */,
				17C283681DF07CA400E7BC29 /* PhotographyModel.swift in Sources */,
				17C283561DF066F400E7BC29 /* ViewController.swift in Sources */,
				17C283541DF066F400E7BC29 /* AppDelegate.swift in Sources */,
				1766336C1E0DD6BD00E2A05E /* TutorialModel.swift in Sources */,
			);
			runOnlyForDeploymentPostprocessing = 0;
		};
/* End PBXSourcesBuildPhase section */

/* Begin PBXTargetDependency section */
		177DD34D1E07761E00605146 /* PBXTargetDependency */ = {
			isa = PBXTargetDependency;
			target = 17C2834F1DF066F400E7BC29 /* Photography */;
			targetProxy = 177DD34C1E07761E00605146 /* PBXContainerItemProxy */;
		};
/* End PBXTargetDependency section */

/* Begin PBXVariantGroup section */
		17C2835C1DF066F400E7BC29 /* LaunchScreen.storyboard */ = {
			isa = PBXVariantGroup;
			children = (
				17C2835D1DF066F400E7BC29 /* Base */,
			);
			name = LaunchScreen.storyboard;
			sourceTree = "<group>";
		};
/* End PBXVariantGroup section */

/* Begin XCBuildConfiguration section */
		177DD34F1E07761E00605146 /* Debug */ = {
			isa = XCBuildConfiguration;
			buildSettings = {
				BUNDLE_LOADER = "$(TEST_HOST)";
				INFOPLIST_FILE = PhotographyTests/Info.plist;
				LD_RUNPATH_SEARCH_PATHS = "$(inherited) @executable_path/Frameworks @loader_path/Frameworks";
				PRODUCT_BUNDLE_IDENTIFIER = com.Asynchrony.PhotographyTests;
				PRODUCT_NAME = "$(TARGET_NAME)";
				SWIFT_VERSION = 3.0;
				TEST_HOST = "$(BUILT_PRODUCTS_DIR)/Photography.app/Photography";
			};
			name = Debug;
		};
		177DD3501E07761E00605146 /* Release */ = {
			isa = XCBuildConfiguration;
			buildSettings = {
				BUNDLE_LOADER = "$(TEST_HOST)";
				INFOPLIST_FILE = PhotographyTests/Info.plist;
				LD_RUNPATH_SEARCH_PATHS = "$(inherited) @executable_path/Frameworks @loader_path/Frameworks";
				PRODUCT_BUNDLE_IDENTIFIER = com.Asynchrony.PhotographyTests;
				PRODUCT_NAME = "$(TARGET_NAME)";
				SWIFT_VERSION = 3.0;
				TEST_HOST = "$(BUILT_PRODUCTS_DIR)/Photography.app/Photography";
			};
			name = Release;
		};
		17C283601DF066F400E7BC29 /* Debug */ = {
			isa = XCBuildConfiguration;
			buildSettings = {
				ALWAYS_SEARCH_USER_PATHS = NO;
				CLANG_ANALYZER_NONNULL = YES;
				CLANG_CXX_LANGUAGE_STANDARD = "gnu++0x";
				CLANG_CXX_LIBRARY = "libc++";
				CLANG_ENABLE_MODULES = YES;
				CLANG_ENABLE_OBJC_ARC = YES;
				CLANG_WARN_BOOL_CONVERSION = YES;
				CLANG_WARN_CONSTANT_CONVERSION = YES;
				CLANG_WARN_DIRECT_OBJC_ISA_USAGE = YES_ERROR;
				CLANG_WARN_DOCUMENTATION_COMMENTS = YES;
				CLANG_WARN_EMPTY_BODY = YES;
				CLANG_WARN_ENUM_CONVERSION = YES;
				CLANG_WARN_INFINITE_RECURSION = YES;
				CLANG_WARN_INT_CONVERSION = YES;
				CLANG_WARN_OBJC_ROOT_CLASS = YES_ERROR;
				CLANG_WARN_SUSPICIOUS_MOVES = YES;
				CLANG_WARN_UNREACHABLE_CODE = YES;
				CLANG_WARN__DUPLICATE_METHOD_MATCH = YES;
				"CODE_SIGN_IDENTITY[sdk=iphoneos*]" = "iPhone Developer";
				COPY_PHASE_STRIP = NO;
				DEBUG_INFORMATION_FORMAT = dwarf;
				ENABLE_STRICT_OBJC_MSGSEND = YES;
				ENABLE_TESTABILITY = YES;
				GCC_C_LANGUAGE_STANDARD = gnu99;
				GCC_DYNAMIC_NO_PIC = NO;
				GCC_NO_COMMON_BLOCKS = YES;
				GCC_OPTIMIZATION_LEVEL = 0;
				GCC_PREPROCESSOR_DEFINITIONS = (
					"DEBUG=1",
					"$(inherited)",
				);
				GCC_WARN_64_TO_32_BIT_CONVERSION = YES;
				GCC_WARN_ABOUT_RETURN_TYPE = YES_ERROR;
				GCC_WARN_UNDECLARED_SELECTOR = YES;
				GCC_WARN_UNINITIALIZED_AUTOS = YES_AGGRESSIVE;
				GCC_WARN_UNUSED_FUNCTION = YES;
				GCC_WARN_UNUSED_VARIABLE = YES;
				IPHONEOS_DEPLOYMENT_TARGET = 10.1;
				MTL_ENABLE_DEBUG_INFO = YES;
				ONLY_ACTIVE_ARCH = YES;
				SDKROOT = iphoneos;
				SWIFT_ACTIVE_COMPILATION_CONDITIONS = DEBUG;
				SWIFT_OPTIMIZATION_LEVEL = "-Onone";
				TARGETED_DEVICE_FAMILY = "1,2";
			};
			name = Debug;
		};
		17C283611DF066F400E7BC29 /* Release */ = {
			isa = XCBuildConfiguration;
			buildSettings = {
				ALWAYS_SEARCH_USER_PATHS = NO;
				CLANG_ANALYZER_NONNULL = YES;
				CLANG_CXX_LANGUAGE_STANDARD = "gnu++0x";
				CLANG_CXX_LIBRARY = "libc++";
				CLANG_ENABLE_MODULES = YES;
				CLANG_ENABLE_OBJC_ARC = YES;
				CLANG_WARN_BOOL_CONVERSION = YES;
				CLANG_WARN_CONSTANT_CONVERSION = YES;
				CLANG_WARN_DIRECT_OBJC_ISA_USAGE = YES_ERROR;
				CLANG_WARN_DOCUMENTATION_COMMENTS = YES;
				CLANG_WARN_EMPTY_BODY = YES;
				CLANG_WARN_ENUM_CONVERSION = YES;
				CLANG_WARN_INFINITE_RECURSION = YES;
				CLANG_WARN_INT_CONVERSION = YES;
				CLANG_WARN_OBJC_ROOT_CLASS = YES_ERROR;
				CLANG_WARN_SUSPICIOUS_MOVES = YES;
				CLANG_WARN_UNREACHABLE_CODE = YES;
				CLANG_WARN__DUPLICATE_METHOD_MATCH = YES;
				"CODE_SIGN_IDENTITY[sdk=iphoneos*]" = "iPhone Developer";
				COPY_PHASE_STRIP = NO;
				DEBUG_INFORMATION_FORMAT = "dwarf-with-dsym";
				ENABLE_NS_ASSERTIONS = NO;
				ENABLE_STRICT_OBJC_MSGSEND = YES;
				GCC_C_LANGUAGE_STANDARD = gnu99;
				GCC_NO_COMMON_BLOCKS = YES;
				GCC_WARN_64_TO_32_BIT_CONVERSION = YES;
				GCC_WARN_ABOUT_RETURN_TYPE = YES_ERROR;
				GCC_WARN_UNDECLARED_SELECTOR = YES;
				GCC_WARN_UNINITIALIZED_AUTOS = YES_AGGRESSIVE;
				GCC_WARN_UNUSED_FUNCTION = YES;
				GCC_WARN_UNUSED_VARIABLE = YES;
				IPHONEOS_DEPLOYMENT_TARGET = 10.1;
				MTL_ENABLE_DEBUG_INFO = NO;
				SDKROOT = iphoneos;
				SWIFT_OPTIMIZATION_LEVEL = "-Owholemodule";
				TARGETED_DEVICE_FAMILY = "1,2";
				VALIDATE_PRODUCT = YES;
			};
			name = Release;
		};
		17C283631DF066F400E7BC29 /* Debug */ = {
			isa = XCBuildConfiguration;
			buildSettings = {
				ASSETCATALOG_COMPILER_APPICON_NAME = AppIcon;
				INFOPLIST_FILE = Photography/Info.plist;
				LD_RUNPATH_SEARCH_PATHS = "$(inherited) @executable_path/Frameworks";
				PRODUCT_BUNDLE_IDENTIFIER = com.Asynchrony.Photography;
				PRODUCT_NAME = "$(TARGET_NAME)";
				SWIFT_VERSION = 3.0;
			};
			name = Debug;
		};
		17C283641DF066F400E7BC29 /* Release */ = {
			isa = XCBuildConfiguration;
			buildSettings = {
				ASSETCATALOG_COMPILER_APPICON_NAME = AppIcon;
				INFOPLIST_FILE = Photography/Info.plist;
				LD_RUNPATH_SEARCH_PATHS = "$(inherited) @executable_path/Frameworks";
				PRODUCT_BUNDLE_IDENTIFIER = com.Asynchrony.Photography;
				PRODUCT_NAME = "$(TARGET_NAME)";
				SWIFT_VERSION = 3.0;
			};
			name = Release;
		};
/* End XCBuildConfiguration section */

/* Begin XCConfigurationList section */
		177DD34E1E07761E00605146 /* Build configuration list for PBXNativeTarget "PhotographyTests" */ = {
			isa = XCConfigurationList;
			buildConfigurations = (
				177DD34F1E07761E00605146 /* Debug */,
				177DD3501E07761E00605146 /* Release */,
			);
			defaultConfigurationIsVisible = 0;
			defaultConfigurationName = Release;
		};
		17C2834B1DF066F400E7BC29 /* Build configuration list for PBXProject "Photography" */ = {
			isa = XCConfigurationList;
			buildConfigurations = (
				17C283601DF066F400E7BC29 /* Debug */,
				17C283611DF066F400E7BC29 /* Release */,
			);
			defaultConfigurationIsVisible = 0;
			defaultConfigurationName = Release;
		};
		17C283621DF066F400E7BC29 /* Build configuration list for PBXNativeTarget "Photography" */ = {
			isa = XCConfigurationList;
			buildConfigurations = (
				17C283631DF066F400E7BC29 /* Debug */,
				17C283641DF066F400E7BC29 /* Release */,
			);
			defaultConfigurationIsVisible = 0;
			defaultConfigurationName = Release;
		};
/* End XCConfigurationList section */
	};
	rootObject = 17C283481DF066F300E7BC29 /* Project object */;
}
