// !$*UTF8*$!
{
	archiveVersion = 1;
	classes = {
	};
	objectVersion = 46;
	objects = {

/* Begin PBXBuildFile section */
		130D695F4A197E24C5FA129A /* Pods_PhotographyTests.framework in Frameworks */ = {isa = PBXBuildFile; fileRef = 1C5CAC3C30BC279F7333DB61 /* Pods_PhotographyTests.framework */; };
		172F513E1E01CFD60048E8E3 /* HelperMethods.swift in Sources */ = {isa = PBXBuildFile; fileRef = 172F513D1E01CFD60048E8E3 /* HelperMethods.swift */; };
		173D112E1E3928AD00706B80 /* ServiceLayer.swift in Sources */ = {isa = PBXBuildFile; fileRef = 173D112D1E3928AD00706B80 /* ServiceLayer.swift */; };
		173D11301E392BC700706B80 /* GoogleService-Info.plist in Resources */ = {isa = PBXBuildFile; fileRef = 173D112F1E392BC700706B80 /* GoogleService-Info.plist */; };
		1766336C1E0DD6BD00E2A05E /* TutorialModel.swift in Sources */ = {isa = PBXBuildFile; fileRef = 1766336B1E0DD6BD00E2A05E /* TutorialModel.swift */; };
		1766336E1E1B3B9800E2A05E /* TutorialTests.swift in Sources */ = {isa = PBXBuildFile; fileRef = 1766336D1E1B3B9800E2A05E /* TutorialTests.swift */; };
		176958C41DF47FE50060941A /* TutorialView.swift in Sources */ = {isa = PBXBuildFile; fileRef = 176958C31DF47FE50060941A /* TutorialView.swift */; };
		176958C81DF48A760060941A /* TutorialViewController.swift in Sources */ = {isa = PBXBuildFile; fileRef = 176958C71DF48A760060941A /* TutorialViewController.swift */; };
		177DD3401E060BC800605146 /* DemoView.swift in Sources */ = {isa = PBXBuildFile; fileRef = 177DD33F1E060BC800605146 /* DemoView.swift */; };
		177DD34A1E07761E00605146 /* DemoTests.swift in Sources */ = {isa = PBXBuildFile; fileRef = 177DD3491E07761E00605146 /* DemoTests.swift */; };
		177DD3521E09C02000605146 /* Colors.swift in Sources */ = {isa = PBXBuildFile; fileRef = 177DD3511E09C02000605146 /* Colors.swift */; };
		177DD3561E0ADA2D00605146 /* DemoModel.swift in Sources */ = {isa = PBXBuildFile; fileRef = 177DD3551E0ADA2D00605146 /* DemoModel.swift */; };
		17C283541DF066F400E7BC29 /* AppDelegate.swift in Sources */ = {isa = PBXBuildFile; fileRef = 17C283531DF066F400E7BC29 /* AppDelegate.swift */; };
		17C283561DF066F400E7BC29 /* HomeViewController.swift in Sources */ = {isa = PBXBuildFile; fileRef = 17C283551DF066F400E7BC29 /* HomeViewController.swift */; };
		17C2835B1DF066F400E7BC29 /* Assets.xcassets in Resources */ = {isa = PBXBuildFile; fileRef = 17C2835A1DF066F400E7BC29 /* Assets.xcassets */; };
		17C2835E1DF066F400E7BC29 /* LaunchScreen.storyboard in Resources */ = {isa = PBXBuildFile; fileRef = 17C2835C1DF066F400E7BC29 /* LaunchScreen.storyboard */; };
		17C283661DF0788600E7BC29 /* HomeView.swift in Sources */ = {isa = PBXBuildFile; fileRef = 17C283651DF0788600E7BC29 /* HomeView.swift */; };
		17C283681DF07CA400E7BC29 /* PhotographyModel.swift in Sources */ = {isa = PBXBuildFile; fileRef = 17C283671DF07CA400E7BC29 /* PhotographyModel.swift */; };
		17C2836A1DF07F2000E7BC29 /* HomeCell.swift in Sources */ = {isa = PBXBuildFile; fileRef = 17C283691DF07F2000E7BC29 /* HomeCell.swift */; };
		17CF63BF1E253AA800D987A7 /* HomeTests.swift in Sources */ = {isa = PBXBuildFile; fileRef = 17CF63BE1E253AA800D987A7 /* HomeTests.swift */; };
		C5AB88BB449CC2E6CE4F4428 /* Pods_Photography.framework in Frameworks */ = {isa = PBXBuildFile; fileRef = 01893A641D97B73B6A0F872B /* Pods_Photography.framework */; };
/* End PBXBuildFile section */

/* Begin PBXContainerItemProxy section */
		177DD34C1E07761E00605146 /* PBXContainerItemProxy */ = {
			isa = PBXContainerItemProxy;
			containerPortal = 17C283481DF066F300E7BC29 /* Project object */;
			proxyType = 1;
			remoteGlobalIDString = 17C2834F1DF066F400E7BC29;
			remoteInfo = Photography;
		};
/* End PBXContainerItemProxy section */

/* Begin PBXFileReference section */
		01893A641D97B73B6A0F872B /* Pods_Photography.framework */ = {isa = PBXFileReference; explicitFileType = wrapper.framework; includeInIndex = 0; path = Pods_Photography.framework; sourceTree = BUILT_PRODUCTS_DIR; };
		056CEF170E1A710D35D564C4 /* Pods-Photography.release.xcconfig */ = {isa = PBXFileReference; includeInIndex = 1; lastKnownFileType = text.xcconfig; name = "Pods-Photography.release.xcconfig"; path = "Pods/Target Support Files/Pods-Photography/Pods-Photography.release.xcconfig"; sourceTree = "<group>"; };
		172F513D1E01CFD60048E8E3 /* HelperMethods.swift */ = {isa = PBXFileReference; fileEncoding = 4; lastKnownFileType = sourcecode.swift; path = HelperMethods.swift; sourceTree = "<group>"; };
		173D112D1E3928AD00706B80 /* ServiceLayer.swift */ = {isa = PBXFileReference; fileEncoding = 4; lastKnownFileType = sourcecode.swift; path = ServiceLayer.swift; sourceTree = "<group>"; };
		173D112F1E392BC700706B80 /* GoogleService-Info.plist */ = {isa = PBXFileReference; fileEncoding = 4; lastKnownFileType = text.plist.xml; name = "GoogleService-Info.plist"; path = "../../../Downloads/GoogleService-Info.plist"; sourceTree = "<group>"; };
		1766336B1E0DD6BD00E2A05E /* TutorialModel.swift */ = {isa = PBXFileReference; fileEncoding = 4; lastKnownFileType = sourcecode.swift; path = TutorialModel.swift; sourceTree = "<group>"; };
		1766336D1E1B3B9800E2A05E /* TutorialTests.swift */ = {isa = PBXFileReference; fileEncoding = 4; lastKnownFileType = sourcecode.swift; path = TutorialTests.swift; sourceTree = "<group>"; };
		176958C31DF47FE50060941A /* TutorialView.swift */ = {isa = PBXFileReference; fileEncoding = 4; lastKnownFileType = sourcecode.swift; name = TutorialView.swift; path = ../TutorialView.swift; sourceTree = "<group>"; };
		176958C71DF48A760060941A /* TutorialViewController.swift */ = {isa = PBXFileReference; fileEncoding = 4; lastKnownFileType = sourcecode.swift; name = TutorialViewController.swift; path = ../TutorialViewController.swift; sourceTree = "<group>"; };
		177DD33F1E060BC800605146 /* DemoView.swift */ = {isa = PBXFileReference; fileEncoding = 4; lastKnownFileType = sourcecode.swift; path = DemoView.swift; sourceTree = "<group>"; };
		177DD3471E07761E00605146 /* PhotographyTests.xctest */ = {isa = PBXFileReference; explicitFileType = wrapper.cfbundle; includeInIndex = 0; path = PhotographyTests.xctest; sourceTree = BUILT_PRODUCTS_DIR; };
		177DD3491E07761E00605146 /* DemoTests.swift */ = {isa = PBXFileReference; lastKnownFileType = sourcecode.swift; path = DemoTests.swift; sourceTree = "<group>"; };
		177DD34B1E07761E00605146 /* Info.plist */ = {isa = PBXFileReference; lastKnownFileType = text.plist.xml; path = Info.plist; sourceTree = "<group>"; };
		177DD3511E09C02000605146 /* Colors.swift */ = {isa = PBXFileReference; fileEncoding = 4; lastKnownFileType = sourcecode.swift; path = Colors.swift; sourceTree = "<group>"; };
		177DD3551E0ADA2D00605146 /* DemoModel.swift */ = {isa = PBXFileReference; fileEncoding = 4; lastKnownFileType = sourcecode.swift; path = DemoModel.swift; sourceTree = "<group>"; };
		17C283501DF066F400E7BC29 /* Photography.app */ = {isa = PBXFileReference; explicitFileType = wrapper.application; includeInIndex = 0; path = Photography.app; sourceTree = BUILT_PRODUCTS_DIR; };
		17C283531DF066F400E7BC29 /* AppDelegate.swift */ = {isa = PBXFileReference; lastKnownFileType = sourcecode.swift; path = AppDelegate.swift; sourceTree = "<group>"; };
		17C283551DF066F400E7BC29 /* HomeViewController.swift */ = {isa = PBXFileReference; lastKnownFileType = sourcecode.swift; path = HomeViewController.swift; sourceTree = "<group>"; };
		17C2835A1DF066F400E7BC29 /* Assets.xcassets */ = {isa = PBXFileReference; lastKnownFileType = folder.assetcatalog; path = Assets.xcassets; sourceTree = "<group>"; };
		17C2835D1DF066F400E7BC29 /* Base */ = {isa = PBXFileReference; lastKnownFileType = file.storyboard; name = Base; path = Base.lproj/LaunchScreen.storyboard; sourceTree = "<group>"; };
		17C2835F1DF066F400E7BC29 /* Info.plist */ = {isa = PBXFileReference; lastKnownFileType = text.plist.xml; path = Info.plist; sourceTree = "<group>"; };
		17C283651DF0788600E7BC29 /* HomeView.swift */ = {isa = PBXFileReference; fileEncoding = 4; lastKnownFileType = sourcecode.swift; path = HomeView.swift; sourceTree = "<group>"; };
		17C283671DF07CA400E7BC29 /* PhotographyModel.swift */ = {isa = PBXFileReference; fileEncoding = 4; lastKnownFileType = sourcecode.swift; path = PhotographyModel.swift; sourceTree = "<group>"; };
		17C283691DF07F2000E7BC29 /* HomeCell.swift */ = {isa = PBXFileReference; fileEncoding = 4; lastKnownFileType = sourcecode.swift; path = HomeCell.swift; sourceTree = "<group>"; };
		17CF63BE1E253AA800D987A7 /* HomeTests.swift */ = {isa = PBXFileReference; fileEncoding = 4; lastKnownFileType = sourcecode.swift; path = HomeTests.swift; sourceTree = "<group>"; };
		17F6DAD91E399A3700DDD5D2 /* Photography.entitlements */ = {isa = PBXFileReference; lastKnownFileType = text.plist.entitlements; path = Photography.entitlements; sourceTree = "<group>"; };
		1C5CAC3C30BC279F7333DB61 /* Pods_PhotographyTests.framework */ = {isa = PBXFileReference; explicitFileType = wrapper.framework; includeInIndex = 0; path = Pods_PhotographyTests.framework; sourceTree = BUILT_PRODUCTS_DIR; };
		34CCEF3A8C9205DE797E8BF3 /* Pods-PhotographyTests.debug.xcconfig */ = {isa = PBXFileReference; includeInIndex = 1; lastKnownFileType = text.xcconfig; name = "Pods-PhotographyTests.debug.xcconfig"; path = "Pods/Target Support Files/Pods-PhotographyTests/Pods-PhotographyTests.debug.xcconfig"; sourceTree = "<group>"; };
		8918A3D1D6C18B7FE2374CEA /* Pods-Photography.debug.xcconfig */ = {isa = PBXFileReference; includeInIndex = 1; lastKnownFileType = text.xcconfig; name = "Pods-Photography.debug.xcconfig"; path = "Pods/Target Support Files/Pods-Photography/Pods-Photography.debug.xcconfig"; sourceTree = "<group>"; };
		AD783742ECC32194CBAC04F2 /* Pods-PhotographyTests.release.xcconfig */ = {isa = PBXFileReference; includeInIndex = 1; lastKnownFileType = text.xcconfig; name = "Pods-PhotographyTests.release.xcconfig"; path = "Pods/Target Support Files/Pods-PhotographyTests/Pods-PhotographyTests.release.xcconfig"; sourceTree = "<group>"; };
/* End PBXFileReference section */

/* Begin PBXFrameworksBuildPhase section */
		177DD3441E07761E00605146 /* Frameworks */ = {
			isa = PBXFrameworksBuildPhase;
			buildActionMask = 2147483647;
			files = (
				130D695F4A197E24C5FA129A /* Pods_PhotographyTests.framework in Frameworks */,
			);
			runOnlyForDeploymentPostprocessing = 0;
		};
		17C2834D1DF066F400E7BC29 /* Frameworks */ = {
			isa = PBXFrameworksBuildPhase;
			buildActionMask = 2147483647;
			files = (
				C5AB88BB449CC2E6CE4F4428 /* Pods_Photography.framework in Frameworks */,
			);
			runOnlyForDeploymentPostprocessing = 0;
		};
/* End PBXFrameworksBuildPhase section */

/* Begin PBXGroup section */
		173D112C1E37F56E00706B80 /* Services */ = {
			isa = PBXGroup;
			children = (
				173D112D1E3928AD00706B80 /* ServiceLayer.swift */,
			);
			name = Services;
			sourceTree = "<group>";
		};
		177DD3481E07761E00605146 /* PhotographyTests */ = {
			isa = PBXGroup;
			children = (
				177DD3491E07761E00605146 /* DemoTests.swift */,
				1766336D1E1B3B9800E2A05E /* TutorialTests.swift */,
				17CF63BE1E253AA800D987A7 /* HomeTests.swift */,
				177DD34B1E07761E00605146 /* Info.plist */,
			);
			path = PhotographyTests;
			sourceTree = "<group>";
		};
		17C059EA1E3059F4007ACFB1 /* HomeView */ = {
			isa = PBXGroup;
			children = (
				17C283551DF066F400E7BC29 /* HomeViewController.swift */,
				17C283691DF07F2000E7BC29 /* HomeCell.swift */,
				17C283651DF0788600E7BC29 /* HomeView.swift */,
			);
			name = HomeView;
			sourceTree = "<group>";
		};
		17C059EB1E305A5A007ACFB1 /* Common */ = {
			isa = PBXGroup;
			children = (
				172F513D1E01CFD60048E8E3 /* HelperMethods.swift */,
				177DD3511E09C02000605146 /* Colors.swift */,
			);
			name = Common;
			sourceTree = "<group>";
		};
		17C059EC1E305A86007ACFB1 /* Supporting Files */ = {
			isa = PBXGroup;
			children = (
				17F6DAD91E399A3700DDD5D2 /* Photography.entitlements */,
				173D112F1E392BC700706B80 /* GoogleService-Info.plist */,
				17C283531DF066F400E7BC29 /* AppDelegate.swift */,
				17C2835A1DF066F400E7BC29 /* Assets.xcassets */,
				17C2835C1DF066F400E7BC29 /* LaunchScreen.storyboard */,
				17C2835F1DF066F400E7BC29 /* Info.plist */,
			);
			name = "Supporting Files";
			sourceTree = "<group>";
		};
		17C059ED1E305AEA007ACFB1 /* Model */ = {
			isa = PBXGroup;
			children = (
				177DD3551E0ADA2D00605146 /* DemoModel.swift */,
				1766336B1E0DD6BD00E2A05E /* TutorialModel.swift */,
				17C283671DF07CA400E7BC29 /* PhotographyModel.swift */,
			);
			name = Model;
			sourceTree = "<group>";
		};
		17C059EE1E305B20007ACFB1 /* TutorialView */ = {
			isa = PBXGroup;
			children = (
				176958C31DF47FE50060941A /* TutorialView.swift */,
				176958C71DF48A760060941A /* TutorialViewController.swift */,
				177DD33F1E060BC800605146 /* DemoView.swift */,
			);
			name = TutorialView;
			sourceTree = "<group>";
		};
		17C283471DF066F300E7BC29 = {
			isa = PBXGroup;
			children = (
				17C283521DF066F400E7BC29 /* Photography */,
				177DD3481E07761E00605146 /* PhotographyTests */,
				17C283511DF066F400E7BC29 /* Products */,
				D4BD3913FEBCDD227176715B /* Pods */,
				28B2D121BF1218B643D5DE82 /* Frameworks */,
			);
			sourceTree = "<group>";
		};
		17C283511DF066F400E7BC29 /* Products */ = {
			isa = PBXGroup;
			children = (
				17C283501DF066F400E7BC29 /* Photography.app */,
				177DD3471E07761E00605146 /* PhotographyTests.xctest */,
			);
			name = Products;
			sourceTree = "<group>";
		};
		17C283521DF066F400E7BC29 /* Photography */ = {
			isa = PBXGroup;
			children = (
				17C059EB1E305A5A007ACFB1 /* Common */,
				17C059ED1E305AEA007ACFB1 /* Model */,
				173D112C1E37F56E00706B80 /* Services */,
				17C059EC1E305A86007ACFB1 /* Supporting Files */,
				17C059EA1E3059F4007ACFB1 /* HomeView */,
				17C059EE1E305B20007ACFB1 /* TutorialView */,
			);
			path = Photography;
			sourceTree = "<group>";
		};
		28B2D121BF1218B643D5DE82 /* Frameworks */ = {
			isa = PBXGroup;
			children = (
				01893A641D97B73B6A0F872B /* Pods_Photography.framework */,
				1C5CAC3C30BC279F7333DB61 /* Pods_PhotographyTests.framework */,
			);
			name = Frameworks;
			sourceTree = "<group>";
		};
		D4BD3913FEBCDD227176715B /* Pods */ = {
			isa = PBXGroup;
			children = (
				8918A3D1D6C18B7FE2374CEA /* Pods-Photography.debug.xcconfig */,
				056CEF170E1A710D35D564C4 /* Pods-Photography.release.xcconfig */,
				34CCEF3A8C9205DE797E8BF3 /* Pods-PhotographyTests.debug.xcconfig */,
				AD783742ECC32194CBAC04F2 /* Pods-PhotographyTests.release.xcconfig */,
			);
			name = Pods;
			sourceTree = "<group>";
		};
/* End PBXGroup section */

/* Begin PBXNativeTarget section */
		177DD3461E07761E00605146 /* PhotographyTests */ = {
			isa = PBXNativeTarget;
			buildConfigurationList = 177DD34E1E07761E00605146 /* Build configuration list for PBXNativeTarget "PhotographyTests" */;
			buildPhases = (
				D404400387B8F8698E3CED0D /* [CP] Check Pods Manifest.lock */,
				177DD3431E07761E00605146 /* Sources */,
				177DD3441E07761E00605146 /* Frameworks */,
				177DD3451E07761E00605146 /* Resources */,
				722A8130720AF3BBC0284430 /* [CP] Embed Pods Frameworks */,
				14DC5497C1BB9454814BE883 /* [CP] Copy Pods Resources */,
			);
			buildRules = (
			);
			dependencies = (
				177DD34D1E07761E00605146 /* PBXTargetDependency */,
			);
			name = PhotographyTests;
			productName = PhotographyTests;
			productReference = 177DD3471E07761E00605146 /* PhotographyTests.xctest */;
			productType = "com.apple.product-type.bundle.unit-test";
		};
		17C2834F1DF066F400E7BC29 /* Photography */ = {
			isa = PBXNativeTarget;
			buildConfigurationList = 17C283621DF066F400E7BC29 /* Build configuration list for PBXNativeTarget "Photography" */;
			buildPhases = (
				B627395D1A2D61307923EA02 /* [CP] Check Pods Manifest.lock */,
				17C2834C1DF066F400E7BC29 /* Sources */,
				17C2834D1DF066F400E7BC29 /* Frameworks */,
				17C2834E1DF066F400E7BC29 /* Resources */,
				5DA931B5B2EA860188B34F34 /* [CP] Embed Pods Frameworks */,
				8F716EBF0A6E5AC0C890CD7B /* [CP] Copy Pods Resources */,
			);
			buildRules = (
			);
			dependencies = (
			);
			name = Photography;
			productName = Photography;
			productReference = 17C283501DF066F400E7BC29 /* Photography.app */;
			productType = "com.apple.product-type.application";
		};
/* End PBXNativeTarget section */

/* Begin PBXProject section */
		17C283481DF066F300E7BC29 /* Project object */ = {
			isa = PBXProject;
			attributes = {
				LastSwiftUpdateCheck = 0810;
				LastUpgradeCheck = 0810;
				ORGANIZATIONNAME = "Eisdorfer, Lauren";
				TargetAttributes = {
					177DD3461E07761E00605146 = {
						CreatedOnToolsVersion = 8.1;
						ProvisioningStyle = Automatic;
						TestTargetID = 17C2834F1DF066F400E7BC29;
					};
					17C2834F1DF066F400E7BC29 = {
						CreatedOnToolsVersion = 8.1;
						DevelopmentTeam = UN23PW9ETJ;
						ProvisioningStyle = Automatic;
						SystemCapabilities = {
							com.apple.Keychain = {
								enabled = 1;
							};
						};
					};
				};
			};
			buildConfigurationList = 17C2834B1DF066F400E7BC29 /* Build configuration list for PBXProject "Photography" */;
			compatibilityVersion = "Xcode 3.2";
			developmentRegion = English;
			hasScannedForEncodings = 0;
			knownRegions = (
				en,
				Base,
			);
			mainGroup = 17C283471DF066F300E7BC29;
			productRefGroup = 17C283511DF066F400E7BC29 /* Products */;
			projectDirPath = "";
			projectRoot = "";
			targets = (
				17C2834F1DF066F400E7BC29 /* Photography */,
				177DD3461E07761E00605146 /* PhotographyTests */,
			);
		};
/* End PBXProject section */

/* Begin PBXResourcesBuildPhase section */
		177DD3451E07761E00605146 /* Resources */ = {
			isa = PBXResourcesBuildPhase;
			buildActionMask = 2147483647;
			files = (
			);
			runOnlyForDeploymentPostprocessing = 0;
		};
		17C2834E1DF066F400E7BC29 /* Resources */ = {
			isa = PBXResourcesBuildPhase;
			buildActionMask = 2147483647;
			files = (
				17C2835E1DF066F400E7BC29 /* LaunchScreen.storyboard in Resources */,
				17C2835B1DF066F400E7BC29 /* Assets.xcassets in Resources */,
				173D11301E392BC700706B80 /* GoogleService-Info.plist in Resources */,
			);
			runOnlyForDeploymentPostprocessing = 0;
		};
/* End PBXResourcesBuildPhase section */

/* Begin PBXShellScriptBuildPhase section */
		14DC5497C1BB9454814BE883 /* [CP] Copy Pods Resources */ = {
			isa = PBXShellScriptBuildPhase;
			buildActionMask = 2147483647;
			files = (
			);
			inputPaths = (
			);
			name = "[CP] Copy Pods Resources";
			outputPaths = (
			);
			runOnlyForDeploymentPostprocessing = 0;
			shellPath = /bin/sh;
			shellScript = "\"${SRCROOT}/Pods/Target Support Files/Pods-PhotographyTests/Pods-PhotographyTests-resources.sh\"\n";
			showEnvVarsInLog = 0;
		};
		5DA931B5B2EA860188B34F34 /* [CP] Embed Pods Frameworks */ = {
			isa = PBXShellScriptBuildPhase;
			buildActionMask = 2147483647;
			files = (
			);
			inputPaths = (
			);
			name = "[CP] Embed Pods Frameworks";
			outputPaths = (
			);
			runOnlyForDeploymentPostprocessing = 0;
			shellPath = /bin/sh;
			shellScript = "\"${SRCROOT}/Pods/Target Support Files/Pods-Photography/Pods-Photography-frameworks.sh\"\n";
			showEnvVarsInLog = 0;
		};
		722A8130720AF3BBC0284430 /* [CP] Embed Pods Frameworks */ = {
			isa = PBXShellScriptBuildPhase;
			buildActionMask = 2147483647;
			files = (
			);
			inputPaths = (
			);
			name = "[CP] Embed Pods Frameworks";
			outputPaths = (
			);
			runOnlyForDeploymentPostprocessing = 0;
			shellPath = /bin/sh;
			shellScript = "\"${SRCROOT}/Pods/Target Support Files/Pods-PhotographyTests/Pods-PhotographyTests-frameworks.sh\"\n";
			showEnvVarsInLog = 0;
		};
		8F716EBF0A6E5AC0C890CD7B /* [CP] Copy Pods Resources */ = {
			isa = PBXShellScriptBuildPhase;
			buildActionMask = 2147483647;
			files = (
			);
			inputPaths = (
			);
			name = "[CP] Copy Pods Resources";
			outputPaths = (
			);
			runOnlyForDeploymentPostprocessing = 0;
			shellPath = /bin/sh;
			shellScript = "\"${SRCROOT}/Pods/Target Support Files/Pods-Photography/Pods-Photography-resources.sh\"\n";
			showEnvVarsInLog = 0;
		};
		B627395D1A2D61307923EA02 /* [CP] Check Pods Manifest.lock */ = {
			isa = PBXShellScriptBuildPhase;
			buildActionMask = 2147483647;
			files = (
			);
			inputPaths = (
			);
			name = "[CP] Check Pods Manifest.lock";
			outputPaths = (
			);
			runOnlyForDeploymentPostprocessing = 0;
			shellPath = /bin/sh;
			shellScript = "diff \"${PODS_ROOT}/../Podfile.lock\" \"${PODS_ROOT}/Manifest.lock\" > /dev/null\nif [ $? != 0 ] ; then\n    # print error to STDERR\n    echo \"error: The sandbox is not in sync with the Podfile.lock. Run 'pod install' or update your CocoaPods installation.\" >&2\n    exit 1\nfi\n";
			showEnvVarsInLog = 0;
		};
		D404400387B8F8698E3CED0D /* [CP] Check Pods Manifest.lock */ = {
			isa = PBXShellScriptBuildPhase;
			buildActionMask = 2147483647;
			files = (
			);
			inputPaths = (
			);
			name = "[CP] Check Pods Manifest.lock";
			outputPaths = (
			);
			runOnlyForDeploymentPostprocessing = 0;
			shellPath = /bin/sh;
			shellScript = "diff \"${PODS_ROOT}/../Podfile.lock\" \"${PODS_ROOT}/Manifest.lock\" > /dev/null\nif [ $? != 0 ] ; then\n    # print error to STDERR\n    echo \"error: The sandbox is not in sync with the Podfile.lock. Run 'pod install' or update your CocoaPods installation.\" >&2\n    exit 1\nfi\n";
			showEnvVarsInLog = 0;
		};
/* End PBXShellScriptBuildPhase section */

/* Begin PBXSourcesBuildPhase section */
		177DD3431E07761E00605146 /* Sources */ = {
			isa = PBXSourcesBuildPhase;
			buildActionMask = 2147483647;
			files = (
				177DD34A1E07761E00605146 /* DemoTests.swift in Sources */,
				1766336E1E1B3B9800E2A05E /* TutorialTests.swift in Sources */,
				17CF63BF1E253AA800D987A7 /* HomeTests.swift in Sources */,
			);
			runOnlyForDeploymentPostprocessing = 0;
		};
		17C2834C1DF066F400E7BC29 /* Sources */ = {
			isa = PBXSourcesBuildPhase;
			buildActionMask = 2147483647;
			files = (
				17C2836A1DF07F2000E7BC29 /* HomeCell.swift in Sources */,
				177DD3521E09C02000605146 /* Colors.swift in Sources */,
				172F513E1E01CFD60048E8E3 /* HelperMethods.swift in Sources */,
				176958C81DF48A760060941A /* TutorialViewController.swift in Sources */,
				173D112E1E3928AD00706B80 /* ServiceLayer.swift in Sources */,
				17C283661DF0788600E7BC29 /* HomeView.swift in Sources */,
				177DD3561E0ADA2D00605146 /* DemoModel.swift in Sources */,
				177DD3401E060BC800605146 /* DemoView.swift in Sources */,
				176958C41DF47FE50060941A /* TutorialView.swift in Sources */,
				17C283681DF07CA400E7BC29 /* PhotographyModel.swift in Sources */,
				17C283561DF066F400E7BC29 /* HomeViewController.swift in Sources */,
				17C283541DF066F400E7BC29 /* AppDelegate.swift in Sources */,
				1766336C1E0DD6BD00E2A05E /* TutorialModel.swift in Sources */,
			);
			runOnlyForDeploymentPostprocessing = 0;
		};
/* End PBXSourcesBuildPhase section */

/* Begin PBXTargetDependency section */
		177DD34D1E07761E00605146 /* PBXTargetDependency */ = {
			isa = PBXTargetDependency;
			target = 17C2834F1DF066F400E7BC29 /* Photography */;
			targetProxy = 177DD34C1E07761E00605146 /* PBXContainerItemProxy */;
		};
/* End PBXTargetDependency section */

/* Begin PBXVariantGroup section */
		17C2835C1DF066F400E7BC29 /* LaunchScreen.storyboard */ = {
			isa = PBXVariantGroup;
			children = (
				17C2835D1DF066F400E7BC29 /* Base */,
			);
			name = LaunchScreen.storyboard;
			sourceTree = "<group>";
		};
/* End PBXVariantGroup section */

/* Begin XCBuildConfiguration section */
		177DD34F1E07761E00605146 /* Debug */ = {
			isa = XCBuildConfiguration;
			baseConfigurationReference = 34CCEF3A8C9205DE797E8BF3 /* Pods-PhotographyTests.debug.xcconfig */;
			buildSettings = {
				BUNDLE_LOADER = "$(TEST_HOST)";
				INFOPLIST_FILE = PhotographyTests/Info.plist;
				LD_RUNPATH_SEARCH_PATHS = "$(inherited) @executable_path/Frameworks @loader_path/Frameworks";
				PRODUCT_BUNDLE_IDENTIFIER = com.Asynchrony.PhotographyTests;
				PRODUCT_NAME = "$(TARGET_NAME)";
				SWIFT_VERSION = 3.0;
				TEST_HOST = "$(BUILT_PRODUCTS_DIR)/Photography.app/Photography";
			};
			name = Debug;
		};
		177DD3501E07761E00605146 /* Release */ = {
			isa = XCBuildConfiguration;
			baseConfigurationReference = AD783742ECC32194CBAC04F2 /* Pods-PhotographyTests.release.xcconfig */;
			buildSettings = {
				BUNDLE_LOADER = "$(TEST_HOST)";
				INFOPLIST_FILE = PhotographyTests/Info.plist;
				LD_RUNPATH_SEARCH_PATHS = "$(inherited) @executable_path/Frameworks @loader_path/Frameworks";
				PRODUCT_BUNDLE_IDENTIFIER = com.Asynchrony.PhotographyTests;
				PRODUCT_NAME = "$(TARGET_NAME)";
				SWIFT_VERSION = 3.0;
				TEST_HOST = "$(BUILT_PRODUCTS_DIR)/Photography.app/Photography";
			};
			name = Release;
		};
		17C283601DF066F400E7BC29 /* Debug */ = {
			isa = XCBuildConfiguration;
			buildSettings = {
				ALWAYS_SEARCH_USER_PATHS = NO;
				CLANG_ANALYZER_NONNULL = YES;
				CLANG_CXX_LANGUAGE_STANDARD = "gnu++0x";
				CLANG_CXX_LIBRARY = "libc++";
				CLANG_ENABLE_MODULES = YES;
				CLANG_ENABLE_OBJC_ARC = YES;
				CLANG_WARN_BOOL_CONVERSION = YES;
				CLANG_WARN_CONSTANT_CONVERSION = YES;
				CLANG_WARN_DIRECT_OBJC_ISA_USAGE = YES_ERROR;
				CLANG_WARN_DOCUMENTATION_COMMENTS = YES;
				CLANG_WARN_EMPTY_BODY = YES;
				CLANG_WARN_ENUM_CONVERSION = YES;
				CLANG_WARN_INFINITE_RECURSION = YES;
				CLANG_WARN_INT_CONVERSION = YES;
				CLANG_WARN_OBJC_ROOT_CLASS = YES_ERROR;
				CLANG_WARN_SUSPICIOUS_MOVES = YES;
				CLANG_WARN_UNREACHABLE_CODE = YES;
				CLANG_WARN__DUPLICATE_METHOD_MATCH = YES;
				"CODE_SIGN_IDENTITY[sdk=iphoneos*]" = "iPhone Developer";
				COPY_PHASE_STRIP = NO;
				DEBUG_INFORMATION_FORMAT = dwarf;
				ENABLE_STRICT_OBJC_MSGSEND = YES;
				ENABLE_TESTABILITY = YES;
				GCC_C_LANGUAGE_STANDARD = gnu99;
				GCC_DYNAMIC_NO_PIC = NO;
				GCC_NO_COMMON_BLOCKS = YES;
				GCC_OPTIMIZATION_LEVEL = 0;
				GCC_PREPROCESSOR_DEFINITIONS = (
					"DEBUG=1",
					"$(inherited)",
				);
				GCC_WARN_64_TO_32_BIT_CONVERSION = YES;
				GCC_WARN_ABOUT_RETURN_TYPE = YES_ERROR;
				GCC_WARN_UNDECLARED_SELECTOR = YES;
				GCC_WARN_UNINITIALIZED_AUTOS = YES_AGGRESSIVE;
				GCC_WARN_UNUSED_FUNCTION = YES;
				GCC_WARN_UNUSED_VARIABLE = YES;
				IPHONEOS_DEPLOYMENT_TARGET = 10.0;
				MTL_ENABLE_DEBUG_INFO = YES;
				ONLY_ACTIVE_ARCH = YES;
				SDKROOT = iphoneos;
				SWIFT_ACTIVE_COMPILATION_CONDITIONS = DEBUG;
				SWIFT_OPTIMIZATION_LEVEL = "-Onone";
				TARGETED_DEVICE_FAMILY = "1,2";
			};
			name = Debug;
		};
		17C283611DF066F400E7BC29 /* Release */ = {
			isa = XCBuildConfiguration;
			buildSettings = {
				ALWAYS_SEARCH_USER_PATHS = NO;
				CLANG_ANALYZER_NONNULL = YES;
				CLANG_CXX_LANGUAGE_STANDARD = "gnu++0x";
				CLANG_CXX_LIBRARY = "libc++";
				CLANG_ENABLE_MODULES = YES;
				CLANG_ENABLE_OBJC_ARC = YES;
				CLANG_WARN_BOOL_CONVERSION = YES;
				CLANG_WARN_CONSTANT_CONVERSION = YES;
				CLANG_WARN_DIRECT_OBJC_ISA_USAGE = YES_ERROR;
				CLANG_WARN_DOCUMENTATION_COMMENTS = YES;
				CLANG_WARN_EMPTY_BODY = YES;
				CLANG_WARN_ENUM_CONVERSION = YES;
				CLANG_WARN_INFINITE_RECURSION = YES;
				CLANG_WARN_INT_CONVERSION = YES;
				CLANG_WARN_OBJC_ROOT_CLASS = YES_ERROR;
				CLANG_WARN_SUSPICIOUS_MOVES = YES;
				CLANG_WARN_UNREACHABLE_CODE = YES;
				CLANG_WARN__DUPLICATE_METHOD_MATCH = YES;
				"CODE_SIGN_IDENTITY[sdk=iphoneos*]" = "iPhone Developer";
				COPY_PHASE_STRIP = NO;
				DEBUG_INFORMATION_FORMAT = "dwarf-with-dsym";
				ENABLE_NS_ASSERTIONS = NO;
				ENABLE_STRICT_OBJC_MSGSEND = YES;
				GCC_C_LANGUAGE_STANDARD = gnu99;
				GCC_NO_COMMON_BLOCKS = YES;
				GCC_WARN_64_TO_32_BIT_CONVERSION = YES;
				GCC_WARN_ABOUT_RETURN_TYPE = YES_ERROR;
				GCC_WARN_UNDECLARED_SELECTOR = YES;
				GCC_WARN_UNINITIALIZED_AUTOS = YES_AGGRESSIVE;
				GCC_WARN_UNUSED_FUNCTION = YES;
				GCC_WARN_UNUSED_VARIABLE = YES;
				IPHONEOS_DEPLOYMENT_TARGET = 10.0;
				MTL_ENABLE_DEBUG_INFO = NO;
				SDKROOT = iphoneos;
				SWIFT_OPTIMIZATION_LEVEL = "-Owholemodule";
				TARGETED_DEVICE_FAMILY = "1,2";
				VALIDATE_PRODUCT = YES;
			};
			name = Release;
		};
		17C283631DF066F400E7BC29 /* Debug */ = {
			isa = XCBuildConfiguration;
			baseConfigurationReference = 8918A3D1D6C18B7FE2374CEA /* Pods-Photography.debug.xcconfig */;
			buildSettings = {
				ASSETCATALOG_COMPILER_APPICON_NAME = AppIcon;
				CODE_SIGN_ENTITLEMENTS = Photography/Photography.entitlements;
				DEVELOPMENT_TEAM = UN23PW9ETJ;
				INFOPLIST_FILE = Photography/Info.plist;
				LD_RUNPATH_SEARCH_PATHS = "$(inherited) @executable_path/Frameworks";
				PRODUCT_BUNDLE_IDENTIFIER = com.Asynchrony.Photography;
				PRODUCT_NAME = "$(TARGET_NAME)";
				SWIFT_VERSION = 3.0;
			};
			name = Debug;
		};
		17C283641DF066F400E7BC29 /* Release */ = {
			isa = XCBuildConfiguration;
			baseConfigurationReference = 056CEF170E1A710D35D564C4 /* Pods-Photography.release.xcconfig */;
			buildSettings = {
				ASSETCATALOG_COMPILER_APPICON_NAME = AppIcon;
				CODE_SIGN_ENTITLEMENTS = Photography/Photography.entitlements;
				DEVELOPMENT_TEAM = UN23PW9ETJ;
				INFOPLIST_FILE = Photography/Info.plist;
				LD_RUNPATH_SEARCH_PATHS = "$(inherited) @executable_path/Frameworks";
				PRODUCT_BUNDLE_IDENTIFIER = com.Asynchrony.Photography;
				PRODUCT_NAME = "$(TARGET_NAME)";
				SWIFT_VERSION = 3.0;
			};
			name = Release;
		};
/* End XCBuildConfiguration section */

/* Begin XCConfigurationList section */
		177DD34E1E07761E00605146 /* Build configuration list for PBXNativeTarget "PhotographyTests" */ = {
			isa = XCConfigurationList;
			buildConfigurations = (
				177DD34F1E07761E00605146 /* Debug */,
				177DD3501E07761E00605146 /* Release */,
			);
			defaultConfigurationIsVisible = 0;
			defaultConfigurationName = Release;
		};
		17C2834B1DF066F400E7BC29 /* Build configuration list for PBXProject "Photography" */ = {
			isa = XCConfigurationList;
			buildConfigurations = (
				17C283601DF066F400E7BC29 /* Debug */,
				17C283611DF066F400E7BC29 /* Release */,
			);
			defaultConfigurationIsVisible = 0;
			defaultConfigurationName = Release;
		};
		17C283621DF066F400E7BC29 /* Build configuration list for PBXNativeTarget "Photography" */ = {
			isa = XCConfigurationList;
			buildConfigurations = (
				17C283631DF066F400E7BC29 /* Debug */,
				17C283641DF066F400E7BC29 /* Release */,
			);
			defaultConfigurationIsVisible = 0;
			defaultConfigurationName = Release;
		};
/* End XCConfigurationList section */
	};
	rootObject = 17C283481DF066F300E7BC29 /* Project object */;
}
